{
  "version": 4,
  "terraform_version": "1.8.2",
  "serial": 131,
  "lineage": "dc1daadb-19fa-97f1-a3b9-d26ddb3364b2",
  "outputs": {
    "demo_elb_dns_name": {
      "value": "demo-alb-1631790459.ap-northeast-1.elb.amazonaws.com",
      "type": "string"
    },
    "test_elb_dns_name": {
      "value": "test-alb-1370174348.ap-northeast-1.elb.amazonaws.com",
      "type": "string"
    }
  },
  "resources": [
    {
      "mode": "managed",
      "type": "aws_alb",
      "name": "demo_alb",
      "provider": "provider[\"registry.terraform.io/hashicorp/aws\"]",
      "instances": [
        {
          "schema_version": 0,
          "attributes": {
            "access_logs": [
              {
                "bucket": "",
                "enabled": false,
                "prefix": ""
              }
            ],
            "arn": "arn:aws:elasticloadbalancing:ap-northeast-1:469427049902:loadbalancer/app/demo-alb/1a1498f8d0fe5208",
            "arn_suffix": "app/demo-alb/1a1498f8d0fe5208",
            "client_keep_alive": 3600,
            "connection_logs": [
              {
                "bucket": "",
                "enabled": false,
                "prefix": ""
              }
            ],
            "customer_owned_ipv4_pool": "",
            "desync_mitigation_mode": "defensive",
            "dns_name": "demo-alb-1631790459.ap-northeast-1.elb.amazonaws.com",
            "dns_record_client_routing_policy": null,
            "drop_invalid_header_fields": false,
            "enable_cross_zone_load_balancing": true,
            "enable_deletion_protection": false,
            "enable_http2": true,
            "enable_tls_version_and_cipher_suite_headers": false,
            "enable_waf_fail_open": false,
            "enable_xff_client_port": false,
            "enforce_security_group_inbound_rules_on_private_link_traffic": "",
            "id": "arn:aws:elasticloadbalancing:ap-northeast-1:469427049902:loadbalancer/app/demo-alb/1a1498f8d0fe5208",
            "idle_timeout": 60,
            "internal": false,
            "ip_address_type": "ipv4",
            "load_balancer_type": "application",
            "name": "demo-alb",
            "name_prefix": "",
            "preserve_host_header": false,
            "security_groups": [
              "sg-0890923ea4974f25b"
            ],
            "subnet_mapping": [
              {
                "allocation_id": "",
                "ipv6_address": "",
                "outpost_id": "",
                "private_ipv4_address": "",
                "subnet_id": "subnet-064cb3678eb3eb8ae"
              },
              {
                "allocation_id": "",
                "ipv6_address": "",
                "outpost_id": "",
                "private_ipv4_address": "",
                "subnet_id": "subnet-0ac8e8581f7f204b7"
              }
            ],
            "subnets": [
              "subnet-064cb3678eb3eb8ae",
              "subnet-0ac8e8581f7f204b7"
            ],
            "tags": {},
            "tags_all": {},
            "timeouts": null,
            "vpc_id": "vpc-04edd6c30e1ab3df8",
            "xff_header_processing_mode": "append",
            "zone_id": "Z14GRHDCWA56QT"
          },
          "sensitive_attributes": [],
          "private": "eyJlMmJmYjczMC1lY2FhLTExZTYtOGY4OC0zNDM2M2JjN2M0YzAiOnsiY3JlYXRlIjo2MDAwMDAwMDAwMDAsImRlbGV0ZSI6NjAwMDAwMDAwMDAwLCJ1cGRhdGUiOjYwMDAwMDAwMDAwMH19",
          "dependencies": [
            "aws_security_group.elb_sg",
            "aws_subnet.my_subnet_a",
            "aws_subnet.my_subnet_c",
            "aws_vpc.my_vpc"
          ]
        }
      ]
    },
    {
      "mode": "managed",
      "type": "aws_alb",
      "name": "test_env_alb",
      "provider": "provider[\"registry.terraform.io/hashicorp/aws\"]",
      "instances": [
        {
          "schema_version": 0,
          "attributes": {
            "access_logs": [
              {
                "bucket": "",
                "enabled": false,
                "prefix": ""
              }
            ],
            "arn": "arn:aws:elasticloadbalancing:ap-northeast-1:469427049902:loadbalancer/app/test-alb/1cf47cf398521a27",
            "arn_suffix": "app/test-alb/1cf47cf398521a27",
            "client_keep_alive": 3600,
            "connection_logs": [
              {
                "bucket": "",
                "enabled": false,
                "prefix": ""
              }
            ],
            "customer_owned_ipv4_pool": "",
            "desync_mitigation_mode": "defensive",
            "dns_name": "test-alb-1370174348.ap-northeast-1.elb.amazonaws.com",
            "dns_record_client_routing_policy": null,
            "drop_invalid_header_fields": false,
            "enable_cross_zone_load_balancing": true,
            "enable_deletion_protection": false,
            "enable_http2": true,
            "enable_tls_version_and_cipher_suite_headers": false,
            "enable_waf_fail_open": false,
            "enable_xff_client_port": false,
            "enforce_security_group_inbound_rules_on_private_link_traffic": "",
            "id": "arn:aws:elasticloadbalancing:ap-northeast-1:469427049902:loadbalancer/app/test-alb/1cf47cf398521a27",
            "idle_timeout": 60,
            "internal": false,
            "ip_address_type": "ipv4",
            "load_balancer_type": "application",
            "name": "test-alb",
            "name_prefix": "",
            "preserve_host_header": false,
            "security_groups": [
              "sg-0890923ea4974f25b"
            ],
            "subnet_mapping": [
              {
                "allocation_id": "",
                "ipv6_address": "",
                "outpost_id": "",
                "private_ipv4_address": "",
                "subnet_id": "subnet-064cb3678eb3eb8ae"
              },
              {
                "allocation_id": "",
                "ipv6_address": "",
                "outpost_id": "",
                "private_ipv4_address": "",
                "subnet_id": "subnet-0ac8e8581f7f204b7"
              }
            ],
            "subnets": [
              "subnet-064cb3678eb3eb8ae",
              "subnet-0ac8e8581f7f204b7"
            ],
            "tags": {},
            "tags_all": {},
            "timeouts": null,
            "vpc_id": "vpc-04edd6c30e1ab3df8",
            "xff_header_processing_mode": "append",
            "zone_id": "Z14GRHDCWA56QT"
          },
          "sensitive_attributes": [],
          "private": "eyJlMmJmYjczMC1lY2FhLTExZTYtOGY4OC0zNDM2M2JjN2M0YzAiOnsiY3JlYXRlIjo2MDAwMDAwMDAwMDAsImRlbGV0ZSI6NjAwMDAwMDAwMDAwLCJ1cGRhdGUiOjYwMDAwMDAwMDAwMH19",
          "dependencies": [
            "aws_security_group.elb_sg",
            "aws_subnet.my_subnet_a",
            "aws_subnet.my_subnet_c",
            "aws_vpc.my_vpc"
          ]
        }
      ]
    },
    {
      "mode": "managed",
      "type": "aws_alb_listener",
      "name": "demo_alb_listner",
      "provider": "provider[\"registry.terraform.io/hashicorp/aws\"]",
      "instances": [
        {
          "schema_version": 0,
          "attributes": {
            "alpn_policy": null,
            "arn": "arn:aws:elasticloadbalancing:ap-northeast-1:469427049902:listener/app/demo-alb/1a1498f8d0fe5208/2b4b2c3ce9a0c0b6",
            "certificate_arn": null,
            "default_action": [
              {
                "authenticate_cognito": [],
                "authenticate_oidc": [],
                "fixed_response": [],
                "forward": [],
                "order": 1,
                "redirect": [],
                "target_group_arn": "arn:aws:elasticloadbalancing:ap-northeast-1:469427049902:targetgroup/blue-alb-target-group/a81df02342d05393",
                "type": "forward"
              }
            ],
            "id": "arn:aws:elasticloadbalancing:ap-northeast-1:469427049902:listener/app/demo-alb/1a1498f8d0fe5208/2b4b2c3ce9a0c0b6",
            "load_balancer_arn": "arn:aws:elasticloadbalancing:ap-northeast-1:469427049902:loadbalancer/app/demo-alb/1a1498f8d0fe5208",
            "mutual_authentication": [],
            "port": 80,
            "protocol": "HTTP",
            "ssl_policy": "",
            "tags": {},
            "tags_all": {},
            "timeouts": null
          },
          "sensitive_attributes": [],
          "private": "eyJlMmJmYjczMC1lY2FhLTExZTYtOGY4OC0zNDM2M2JjN2M0YzAiOnsiY3JlYXRlIjozMDAwMDAwMDAwMDAsInVwZGF0ZSI6MzAwMDAwMDAwMDAwfX0=",
          "dependencies": [
            "aws_alb.demo_alb",
            "aws_alb_target_group.blue-alb-target-group",
            "aws_security_group.elb_sg",
            "aws_subnet.my_subnet_a",
            "aws_subnet.my_subnet_c",
            "aws_vpc.my_vpc"
          ]
        }
      ]
    },
    {
      "mode": "managed",
      "type": "aws_alb_listener",
      "name": "test_env_alb_listner",
      "provider": "provider[\"registry.terraform.io/hashicorp/aws\"]",
      "instances": [
        {
          "schema_version": 0,
          "attributes": {
            "alpn_policy": null,
            "arn": "arn:aws:elasticloadbalancing:ap-northeast-1:469427049902:listener/app/test-alb/1cf47cf398521a27/da2981ef448e17a5",
            "certificate_arn": null,
            "default_action": [
              {
                "authenticate_cognito": [],
                "authenticate_oidc": [],
                "fixed_response": [],
                "forward": [],
                "order": 1,
                "redirect": [],
                "target_group_arn": "arn:aws:elasticloadbalancing:ap-northeast-1:469427049902:targetgroup/test-alb-target-group/a096052151b448d3",
                "type": "forward"
              }
            ],
            "id": "arn:aws:elasticloadbalancing:ap-northeast-1:469427049902:listener/app/test-alb/1cf47cf398521a27/da2981ef448e17a5",
            "load_balancer_arn": "arn:aws:elasticloadbalancing:ap-northeast-1:469427049902:loadbalancer/app/test-alb/1cf47cf398521a27",
            "mutual_authentication": [],
            "port": 80,
            "protocol": "HTTP",
            "ssl_policy": "",
            "tags": {},
            "tags_all": {},
            "timeouts": null
          },
          "sensitive_attributes": [],
          "private": "eyJlMmJmYjczMC1lY2FhLTExZTYtOGY4OC0zNDM2M2JjN2M0YzAiOnsiY3JlYXRlIjozMDAwMDAwMDAwMDAsInVwZGF0ZSI6MzAwMDAwMDAwMDAwfX0=",
          "dependencies": [
            "aws_alb.test_env_alb",
            "aws_alb_target_group.test_env_alb_target_group",
            "aws_security_group.elb_sg",
            "aws_subnet.my_subnet_a",
            "aws_subnet.my_subnet_c",
            "aws_vpc.my_vpc"
          ]
        }
      ]
    },
    {
      "mode": "managed",
      "type": "aws_alb_target_group",
      "name": "blue-alb-target-group",
      "provider": "provider[\"registry.terraform.io/hashicorp/aws\"]",
      "instances": [
        {
          "schema_version": 0,
          "attributes": {
            "arn": "arn:aws:elasticloadbalancing:ap-northeast-1:469427049902:targetgroup/blue-alb-target-group/a81df02342d05393",
            "arn_suffix": "targetgroup/blue-alb-target-group/a81df02342d05393",
            "connection_termination": null,
            "deregistration_delay": "300",
            "health_check": [
              {
                "enabled": true,
                "healthy_threshold": 3,
                "interval": 30,
                "matcher": "200",
                "path": "/",
                "port": "traffic-port",
                "protocol": "HTTP",
                "timeout": 5,
                "unhealthy_threshold": 3
              }
            ],
            "id": "arn:aws:elasticloadbalancing:ap-northeast-1:469427049902:targetgroup/blue-alb-target-group/a81df02342d05393",
            "ip_address_type": "ipv4",
            "lambda_multi_value_headers_enabled": false,
            "load_balancer_arns": [
              "arn:aws:elasticloadbalancing:ap-northeast-1:469427049902:loadbalancer/app/demo-alb/1a1498f8d0fe5208"
            ],
            "load_balancing_algorithm_type": "round_robin",
            "load_balancing_anomaly_mitigation": "off",
            "load_balancing_cross_zone_enabled": "use_load_balancer_configuration",
            "name": "blue-alb-target-group",
            "name_prefix": "",
            "port": 80,
            "preserve_client_ip": null,
            "protocol": "HTTP",
            "protocol_version": "HTTP1",
            "proxy_protocol_v2": false,
            "slow_start": 0,
            "stickiness": [
              {
                "cookie_duration": 86400,
                "cookie_name": "",
                "enabled": false,
                "type": "lb_cookie"
              }
            ],
            "tags": {},
            "tags_all": {},
            "target_failover": [
              {
                "on_deregistration": null,
                "on_unhealthy": null
              }
            ],
            "target_health_state": [
              {
                "enable_unhealthy_connection_termination": null
              }
            ],
            "target_type": "ip",
            "vpc_id": "vpc-04edd6c30e1ab3df8"
          },
          "sensitive_attributes": [],
          "private": "bnVsbA==",
          "dependencies": [
            "aws_vpc.my_vpc"
          ]
        }
      ]
    },
    {
      "mode": "managed",
      "type": "aws_alb_target_group",
      "name": "green-alb-target-group",
      "provider": "provider[\"registry.terraform.io/hashicorp/aws\"]",
      "instances": [
        {
          "schema_version": 0,
          "attributes": {
            "arn": "arn:aws:elasticloadbalancing:ap-northeast-1:469427049902:targetgroup/green-alb-target-group/9e5ec0ed991e24e0",
            "arn_suffix": "targetgroup/green-alb-target-group/9e5ec0ed991e24e0",
            "connection_termination": null,
            "deregistration_delay": "300",
            "health_check": [
              {
                "enabled": true,
                "healthy_threshold": 3,
                "interval": 30,
                "matcher": "200",
                "path": "/",
                "port": "traffic-port",
                "protocol": "HTTP",
                "timeout": 5,
                "unhealthy_threshold": 3
              }
            ],
            "id": "arn:aws:elasticloadbalancing:ap-northeast-1:469427049902:targetgroup/green-alb-target-group/9e5ec0ed991e24e0",
            "ip_address_type": "ipv4",
            "lambda_multi_value_headers_enabled": false,
            "load_balancer_arns": [],
            "load_balancing_algorithm_type": "round_robin",
            "load_balancing_anomaly_mitigation": "off",
            "load_balancing_cross_zone_enabled": "use_load_balancer_configuration",
            "name": "green-alb-target-group",
            "name_prefix": "",
            "port": 80,
            "preserve_client_ip": null,
            "protocol": "HTTP",
            "protocol_version": "HTTP1",
            "proxy_protocol_v2": false,
            "slow_start": 0,
            "stickiness": [
              {
                "cookie_duration": 86400,
                "cookie_name": "",
                "enabled": false,
                "type": "lb_cookie"
              }
            ],
            "tags": {},
            "tags_all": {},
            "target_failover": [
              {
                "on_deregistration": null,
                "on_unhealthy": null
              }
            ],
            "target_health_state": [
              {
                "enable_unhealthy_connection_termination": null
              }
            ],
            "target_type": "ip",
            "vpc_id": "vpc-04edd6c30e1ab3df8"
          },
          "sensitive_attributes": [],
          "private": "bnVsbA==",
          "dependencies": [
            "aws_vpc.my_vpc"
          ]
        }
      ]
    },
    {
      "mode": "managed",
      "type": "aws_alb_target_group",
      "name": "test_env_alb_target_group",
      "provider": "provider[\"registry.terraform.io/hashicorp/aws\"]",
      "instances": [
        {
          "schema_version": 0,
          "attributes": {
            "arn": "arn:aws:elasticloadbalancing:ap-northeast-1:469427049902:targetgroup/test-alb-target-group/a096052151b448d3",
            "arn_suffix": "targetgroup/test-alb-target-group/a096052151b448d3",
            "connection_termination": null,
            "deregistration_delay": "300",
            "health_check": [
              {
                "enabled": true,
                "healthy_threshold": 3,
                "interval": 30,
                "matcher": "200",
                "path": "/",
                "port": "traffic-port",
                "protocol": "HTTP",
                "timeout": 5,
                "unhealthy_threshold": 3
              }
            ],
            "id": "arn:aws:elasticloadbalancing:ap-northeast-1:469427049902:targetgroup/test-alb-target-group/a096052151b448d3",
            "ip_address_type": "ipv4",
            "lambda_multi_value_headers_enabled": false,
            "load_balancer_arns": [
              "arn:aws:elasticloadbalancing:ap-northeast-1:469427049902:loadbalancer/app/test-alb/1cf47cf398521a27"
            ],
            "load_balancing_algorithm_type": "round_robin",
            "load_balancing_anomaly_mitigation": "off",
            "load_balancing_cross_zone_enabled": "use_load_balancer_configuration",
            "name": "test-alb-target-group",
            "name_prefix": "",
            "port": 80,
            "preserve_client_ip": null,
            "protocol": "HTTP",
            "protocol_version": "HTTP1",
            "proxy_protocol_v2": false,
            "slow_start": 0,
            "stickiness": [
              {
                "cookie_duration": 86400,
                "cookie_name": "",
                "enabled": false,
                "type": "lb_cookie"
              }
            ],
            "tags": {},
            "tags_all": {},
            "target_failover": [
              {
                "on_deregistration": null,
                "on_unhealthy": null
              }
            ],
            "target_health_state": [
              {
                "enable_unhealthy_connection_termination": null
              }
            ],
            "target_type": "instance",
            "vpc_id": "vpc-04edd6c30e1ab3df8"
          },
          "sensitive_attributes": [],
          "private": "bnVsbA==",
          "dependencies": [
            "aws_vpc.my_vpc"
          ]
        }
      ]
    },
    {
      "mode": "managed",
      "type": "aws_autoscaling_group",
      "name": "test_env_asg",
      "provider": "provider[\"registry.terraform.io/hashicorp/aws\"]",
      "instances": [
        {
          "schema_version": 1,
          "attributes": {
            "arn": "arn:aws:autoscaling:ap-northeast-1:469427049902:autoScalingGroup:0bf6eef3-7e4a-4c66-80d6-967ecf141cd6:autoScalingGroupName/test_asg",
            "availability_zones": [
              "ap-northeast-1a",
              "ap-northeast-1c"
            ],
            "capacity_rebalance": false,
            "context": "",
            "default_cooldown": 300,
            "default_instance_warmup": 0,
            "desired_capacity": 2,
            "desired_capacity_type": "",
            "enabled_metrics": [],
            "force_delete": false,
            "force_delete_warm_pool": false,
            "health_check_grace_period": 300,
            "health_check_type": "ELB",
            "id": "test_asg",
            "ignore_failed_scaling_activities": false,
            "initial_lifecycle_hook": [],
            "instance_maintenance_policy": [],
            "instance_refresh": [],
            "launch_configuration": "",
            "launch_template": [
              {
                "id": "lt-00905ef797cc7b302",
                "name": "my-launch-template20240501185143290700000001",
                "version": "$Latest"
              }
            ],
            "load_balancers": [],
            "max_instance_lifetime": 0,
            "max_size": 2,
            "metrics_granularity": "1Minute",
            "min_elb_capacity": null,
            "min_size": 1,
            "mixed_instances_policy": [],
            "name": "test_asg",
            "name_prefix": "",
            "placement_group": "",
            "predicted_capacity": 0,
            "protect_from_scale_in": false,
            "service_linked_role_arn": "arn:aws:iam::469427049902:role/aws-service-role/autoscaling.amazonaws.com/AWSServiceRoleForAutoScaling",
            "suspended_processes": [],
            "tag": [],
            "target_group_arns": [],
            "termination_policies": [],
            "timeouts": null,
            "traffic_source": [],
            "vpc_zone_identifier": [
              "subnet-064cb3678eb3eb8ae",
              "subnet-0ac8e8581f7f204b7"
            ],
            "wait_for_capacity_timeout": "10m",
            "wait_for_elb_capacity": null,
            "warm_pool": [],
            "warm_pool_size": 0
          },
          "sensitive_attributes": [],
          "private": "eyJlMmJmYjczMC1lY2FhLTExZTYtOGY4OC0zNDM2M2JjN2M0YzAiOnsiZGVsZXRlIjo2MDAwMDAwMDAwMDAsInVwZGF0ZSI6NjAwMDAwMDAwMDAwfSwic2NoZW1hX3ZlcnNpb24iOiIxIn0=",
          "dependencies": [
            "aws_iam_instance_profile.test_env_instance_profile",
            "aws_iam_role.test_env_deploy_agent_role",
            "aws_launch_template.test_env_ec2_launch_template",
            "aws_security_group.elb_sg",
            "aws_subnet.my_subnet_a",
            "aws_subnet.my_subnet_c",
            "aws_vpc.my_vpc"
          ]
        }
      ]
    },
    {
      "mode": "managed",
      "type": "aws_codebuild_project",
      "name": "demo_code_maven_build",
      "provider": "provider[\"registry.terraform.io/hashicorp/aws\"]",
      "instances": [
        {
          "schema_version": 0,
          "attributes": {
            "arn": "arn:aws:codebuild:ap-northeast-1:469427049902:project/demo_code_maven_build",
            "artifacts": [
              {
                "artifact_identifier": "",
                "bucket_owner_access": "",
                "encryption_disabled": false,
                "location": "",
                "name": "demo_code_maven_build",
                "namespace_type": "",
                "override_artifact_name": false,
                "packaging": "NONE",
                "path": "",
                "type": "CODEPIPELINE"
              }
            ],
            "badge_enabled": false,
            "badge_url": "",
            "build_batch_config": [],
            "build_timeout": 60,
            "cache": [
              {
                "location": "",
                "modes": [],
                "type": "NO_CACHE"
              }
            ],
            "concurrent_build_limit": 0,
            "description": "Code build project to run the maven build and generate java artifacts",
            "encryption_key": "arn:aws:kms:ap-northeast-1:469427049902:alias/aws/s3",
            "environment": [
              {
                "certificate": "",
                "compute_type": "BUILD_GENERAL1_SMALL",
                "environment_variable": [],
                "image": "aws/codebuild/amazonlinux2-x86_64-standard:4.0",
                "image_pull_credentials_type": "CODEBUILD",
                "privileged_mode": false,
                "registry_credential": [],
                "type": "LINUX_CONTAINER"
              }
            ],
            "file_system_locations": [],
            "id": "arn:aws:codebuild:ap-northeast-1:469427049902:project/demo_code_maven_build",
            "logs_config": [
              {
                "cloudwatch_logs": [
                  {
                    "group_name": "",
                    "status": "ENABLED",
                    "stream_name": ""
                  }
                ],
                "s3_logs": [
                  {
                    "bucket_owner_access": "",
                    "encryption_disabled": false,
                    "location": "",
                    "status": "DISABLED"
                  }
                ]
              }
            ],
            "name": "demo_code_maven_build",
            "project_visibility": "PRIVATE",
            "public_project_alias": "",
            "queued_timeout": 480,
            "resource_access_role": "",
            "secondary_artifacts": [],
            "secondary_source_version": [],
            "secondary_sources": [],
            "service_role": "arn:aws:iam::469427049902:role/code_build_service_role",
            "source": [
              {
                "build_status_config": [],
                "buildspec": "buildspec.yml",
                "git_clone_depth": 0,
                "git_submodules_config": [],
                "insecure_ssl": false,
                "location": "",
                "report_build_status": false,
                "type": "CODEPIPELINE"
              }
            ],
            "source_version": "",
            "tags": {},
            "tags_all": {},
            "vpc_config": []
          },
          "sensitive_attributes": [],
          "private": "bnVsbA==",
          "dependencies": [
            "aws_iam_role.code_build_service_role"
          ]
        }
      ]
    },
    {
      "mode": "managed",
      "type": "aws_codebuild_project",
      "name": "demo_docker_build",
      "provider": "provider[\"registry.terraform.io/hashicorp/aws\"]",
      "instances": [
        {
          "schema_version": 0,
          "attributes": {
            "arn": "arn:aws:codebuild:ap-northeast-1:469427049902:project/demo_docker_build",
            "artifacts": [
              {
                "artifact_identifier": "",
                "bucket_owner_access": "",
                "encryption_disabled": false,
                "location": "",
                "name": "demo_docker_build",
                "namespace_type": "",
                "override_artifact_name": false,
                "packaging": "NONE",
                "path": "demo_docker_build",
                "type": "CODEPIPELINE"
              }
            ],
            "badge_enabled": false,
            "badge_url": "",
            "build_batch_config": [],
            "build_timeout": 60,
            "cache": [
              {
                "location": "",
                "modes": [],
                "type": "NO_CACHE"
              }
            ],
            "concurrent_build_limit": 0,
            "description": "Code build project to generate the docker image.",
            "encryption_key": "arn:aws:kms:ap-northeast-1:469427049902:alias/aws/s3",
            "environment": [
              {
                "certificate": "",
                "compute_type": "BUILD_GENERAL1_SMALL",
                "environment_variable": [],
                "image": "aws/codebuild/amazonlinux2-x86_64-standard:4.0",
                "image_pull_credentials_type": "CODEBUILD",
                "privileged_mode": true,
                "registry_credential": [],
                "type": "LINUX_CONTAINER"
              }
            ],
            "file_system_locations": [],
            "id": "arn:aws:codebuild:ap-northeast-1:469427049902:project/demo_docker_build",
            "logs_config": [
              {
                "cloudwatch_logs": [
                  {
                    "group_name": "",
                    "status": "ENABLED",
                    "stream_name": ""
                  }
                ],
                "s3_logs": [
                  {
                    "bucket_owner_access": "",
                    "encryption_disabled": false,
                    "location": "",
                    "status": "DISABLED"
                  }
                ]
              }
            ],
            "name": "demo_docker_build",
            "project_visibility": "PRIVATE",
            "public_project_alias": "",
            "queued_timeout": 480,
            "resource_access_role": "",
            "secondary_artifacts": [],
            "secondary_source_version": [],
            "secondary_sources": [],
            "service_role": "arn:aws:iam::469427049902:role/code_build_service_role",
            "source": [
              {
                "build_status_config": [],
                "buildspec": "docker_buildspec.yml",
                "git_clone_depth": 0,
                "git_submodules_config": [],
                "insecure_ssl": false,
                "location": "",
                "report_build_status": false,
                "type": "CODEPIPELINE"
              }
            ],
            "source_version": "",
            "tags": {},
            "tags_all": {},
            "vpc_config": []
          },
          "sensitive_attributes": [],
          "private": "bnVsbA==",
          "dependencies": [
            "aws_iam_role.code_build_service_role"
          ]
        }
      ]
    },
    {
      "mode": "managed",
      "type": "aws_codedeploy_app",
      "name": "demo_code_deploy_app",
      "provider": "provider[\"registry.terraform.io/hashicorp/aws\"]",
      "instances": [
        {
          "schema_version": 0,
          "attributes": {
            "application_id": "7d79317d-ff61-4519-9706-0efc19e8a83a",
            "arn": "arn:aws:codedeploy:ap-northeast-1:469427049902:application:demo_code_deploy_app",
            "compute_platform": "ECS",
            "github_account_name": "",
            "id": "7d79317d-ff61-4519-9706-0efc19e8a83a:demo_code_deploy_app",
            "linked_to_github": false,
            "name": "demo_code_deploy_app",
            "tags": {},
            "tags_all": {}
          },
          "sensitive_attributes": [],
          "private": "bnVsbA=="
        }
      ]
    },
    {
      "mode": "managed",
      "type": "aws_codedeploy_app",
      "name": "test_env_app",
      "provider": "provider[\"registry.terraform.io/hashicorp/aws\"]",
      "instances": [
        {
          "schema_version": 0,
          "attributes": {
            "application_id": "28bc5b68-4a83-4485-beaf-1d49d3d95bfc",
            "arn": "arn:aws:codedeploy:ap-northeast-1:469427049902:application:test_env_app",
            "compute_platform": "Server",
            "github_account_name": "",
            "id": "28bc5b68-4a83-4485-beaf-1d49d3d95bfc:test_env_app",
            "linked_to_github": false,
            "name": "test_env_app",
            "tags": {},
            "tags_all": {}
          },
          "sensitive_attributes": [],
          "private": "bnVsbA=="
        }
      ]
    },
    {
      "mode": "managed",
      "type": "aws_codedeploy_deployment_group",
      "name": "demo_code_deploy_group",
      "provider": "provider[\"registry.terraform.io/hashicorp/aws\"]",
      "instances": [
        {
          "schema_version": 0,
          "attributes": {
            "alarm_configuration": [],
            "app_name": "demo_code_deploy_app",
            "arn": "arn:aws:codedeploy:ap-northeast-1:469427049902:deploymentgroup:demo_code_deploy_app/demo_code_deploy_group",
            "auto_rollback_configuration": [
              {
                "enabled": true,
                "events": [
                  "DEPLOYMENT_FAILURE"
                ]
              }
            ],
            "autoscaling_groups": [],
            "blue_green_deployment_config": [
              {
                "deployment_ready_option": [
                  {
                    "action_on_timeout": "CONTINUE_DEPLOYMENT",
                    "wait_time_in_minutes": 0
                  }
                ],
                "green_fleet_provisioning_option": [],
                "terminate_blue_instances_on_deployment_success": [
                  {
                    "action": "TERMINATE",
                    "termination_wait_time_in_minutes": 5
                  }
                ]
              }
            ],
            "compute_platform": "ECS",
            "deployment_config_name": "CodeDeployDefault.ECSAllAtOnce",
            "deployment_group_id": "1681bde9-76ce-43ae-89a6-705369f2d8a0",
            "deployment_group_name": "demo_code_deploy_group",
            "deployment_style": [
              {
                "deployment_option": "WITH_TRAFFIC_CONTROL",
                "deployment_type": "BLUE_GREEN"
              }
            ],
            "ec2_tag_filter": [],
            "ec2_tag_set": [],
            "ecs_service": [
              {
                "cluster_name": "demo_ecs_cluster",
                "service_name": "demo_ecs_service"
              }
            ],
            "id": "1681bde9-76ce-43ae-89a6-705369f2d8a0",
            "load_balancer_info": [
              {
                "elb_info": [],
                "target_group_info": [],
                "target_group_pair_info": [
                  {
                    "prod_traffic_route": [
                      {
                        "listener_arns": [
                          "arn:aws:elasticloadbalancing:ap-northeast-1:469427049902:listener/app/demo-alb/1a1498f8d0fe5208/2b4b2c3ce9a0c0b6"
                        ]
                      }
                    ],
                    "target_group": [
                      {
                        "name": "blue-alb-target-group"
                      },
                      {
                        "name": "green-alb-target-group"
                      }
                    ],
                    "test_traffic_route": []
                  }
                ]
              }
            ],
            "on_premises_instance_tag_filter": [],
            "outdated_instances_strategy": "UPDATE",
            "service_role_arn": "arn:aws:iam::469427049902:role/code_deploy_service_role",
            "tags": {},
            "tags_all": {},
            "trigger_configuration": []
          },
          "sensitive_attributes": [],
          "private": "bnVsbA==",
          "dependencies": [
            "aws_alb.demo_alb",
            "aws_alb_listener.demo_alb_listner",
            "aws_alb_target_group.blue-alb-target-group",
            "aws_alb_target_group.green-alb-target-group",
            "aws_codedeploy_app.demo_code_deploy_app",
            "aws_ecs_cluster.demo_ecs_cluster",
            "aws_ecs_service.demo_ecs_service",
            "aws_ecs_task_definition.demo_task_definition",
            "aws_iam_role.demo_code_deployer_role",
            "aws_security_group.elb_sg",
            "aws_subnet.my_subnet_a",
            "aws_subnet.my_subnet_c",
            "aws_vpc.my_vpc"
          ]
        }
      ]
    },
    {
      "mode": "managed",
      "type": "aws_codedeploy_deployment_group",
      "name": "test_env_deploy_group",
      "provider": "provider[\"registry.terraform.io/hashicorp/aws\"]",
      "instances": [
        {
          "schema_version": 0,
          "attributes": {
            "alarm_configuration": [],
            "app_name": "test_env_app",
            "arn": "arn:aws:codedeploy:ap-northeast-1:469427049902:deploymentgroup:test_env_app/test_env_deploy_group",
            "auto_rollback_configuration": [],
            "autoscaling_groups": [
              "test_asg"
            ],
            "blue_green_deployment_config": [],
            "compute_platform": "Server",
            "deployment_config_name": "CodeDeployDefault.OneAtATime",
            "deployment_group_id": "800c17c3-3b09-4065-a874-f97c754eeba5",
            "deployment_group_name": "test_env_deploy_group",
            "deployment_style": [
              {
                "deployment_option": "WITHOUT_TRAFFIC_CONTROL",
                "deployment_type": "IN_PLACE"
              }
            ],
            "ec2_tag_filter": [],
            "ec2_tag_set": [],
            "ecs_service": [],
            "id": "800c17c3-3b09-4065-a874-f97c754eeba5",
            "load_balancer_info": [
              {
                "elb_info": [],
                "target_group_info": [
                  {
                    "name": "test-alb"
                  }
                ],
                "target_group_pair_info": []
              }
            ],
            "on_premises_instance_tag_filter": [],
            "outdated_instances_strategy": "UPDATE",
            "service_role_arn": "arn:aws:iam::469427049902:role/code_deploy_service_role",
            "tags": {},
            "tags_all": {},
            "trigger_configuration": []
          },
          "sensitive_attributes": [],
          "private": "bnVsbA==",
          "dependencies": [
            "aws_alb.test_env_alb",
            "aws_autoscaling_group.test_env_asg",
            "aws_codedeploy_app.test_env_app",
            "aws_iam_instance_profile.test_env_instance_profile",
            "aws_iam_role.demo_code_deployer_role",
            "aws_iam_role.test_env_deploy_agent_role",
            "aws_launch_template.test_env_ec2_launch_template",
            "aws_security_group.elb_sg",
            "aws_subnet.my_subnet_a",
            "aws_subnet.my_subnet_c",
            "aws_vpc.my_vpc"
          ]
        }
      ]
    },
    {
      "mode": "managed",
      "type": "aws_ecs_cluster",
      "name": "demo_ecs_cluster",
      "provider": "provider[\"registry.terraform.io/hashicorp/aws\"]",
      "instances": [
        {
          "schema_version": 0,
          "attributes": {
            "arn": "arn:aws:ecs:ap-northeast-1:469427049902:cluster/demo_ecs_cluster",
            "configuration": [],
            "id": "arn:aws:ecs:ap-northeast-1:469427049902:cluster/demo_ecs_cluster",
            "name": "demo_ecs_cluster",
            "service_connect_defaults": [],
            "setting": [
              {
                "name": "containerInsights",
                "value": "disabled"
              }
            ],
            "tags": {
              "resource-group": "demo"
            },
            "tags_all": {
              "resource-group": "demo"
            }
          },
          "sensitive_attributes": [],
          "private": "bnVsbA=="
        }
      ]
    },
    {
      "mode": "managed",
      "type": "aws_ecs_cluster_capacity_providers",
      "name": "demo_ecs_capacity_providers",
      "provider": "provider[\"registry.terraform.io/hashicorp/aws\"]",
      "instances": [
        {
          "schema_version": 0,
          "attributes": {
            "capacity_providers": [
              "FARGATE",
              "FARGATE_SPOT"
            ],
            "cluster_name": "demo_ecs_cluster",
            "default_capacity_provider_strategy": [
              {
                "base": 0,
                "capacity_provider": "FARGATE",
                "weight": 1
              }
            ],
            "id": "demo_ecs_cluster"
          },
          "sensitive_attributes": [],
          "private": "bnVsbA==",
          "dependencies": [
            "aws_ecs_cluster.demo_ecs_cluster"
          ]
        }
      ]
    },
    {
      "mode": "managed",
      "type": "aws_ecs_service",
      "name": "demo_ecs_service",
      "provider": "provider[\"registry.terraform.io/hashicorp/aws\"]",
      "instances": [
        {
          "schema_version": 0,
          "attributes": {
            "alarms": [],
            "capacity_provider_strategy": [],
            "cluster": "arn:aws:ecs:ap-northeast-1:469427049902:cluster/demo_ecs_cluster",
            "deployment_circuit_breaker": [],
            "deployment_controller": [
              {
                "type": "CODE_DEPLOY"
              }
            ],
            "deployment_maximum_percent": 200,
            "deployment_minimum_healthy_percent": 100,
            "desired_count": 1,
            "enable_ecs_managed_tags": false,
            "enable_execute_command": false,
            "force_new_deployment": null,
            "health_check_grace_period_seconds": 0,
            "iam_role": "/aws-service-role/ecs.amazonaws.com/AWSServiceRoleForECS",
            "id": "arn:aws:ecs:ap-northeast-1:469427049902:service/demo_ecs_cluster/demo_ecs_service",
            "launch_type": "",
            "load_balancer": [
              {
                "container_name": "demo_aws_code_pipeline_container",
                "container_port": 80,
                "elb_name": "",
                "target_group_arn": "arn:aws:elasticloadbalancing:ap-northeast-1:469427049902:targetgroup/blue-alb-target-group/a81df02342d05393"
              }
            ],
            "name": "demo_ecs_service",
            "network_configuration": [
              {
                "assign_public_ip": true,
                "security_groups": [
                  "sg-0890923ea4974f25b"
                ],
                "subnets": [
                  "subnet-064cb3678eb3eb8ae",
                  "subnet-0ac8e8581f7f204b7"
                ]
              }
            ],
            "ordered_placement_strategy": [],
            "placement_constraints": [],
            "platform_version": "1.4.0",
            "propagate_tags": "NONE",
            "scheduling_strategy": "REPLICA",
            "service_connect_configuration": [],
            "service_registries": [],
            "tags": null,
            "tags_all": {},
            "task_definition": "arn:aws:ecs:ap-northeast-1:469427049902:task-definition/demo_task_definition:2",
            "timeouts": null,
            "triggers": {},
            "wait_for_steady_state": false
          },
          "sensitive_attributes": [],
          "private": "eyJlMmJmYjczMC1lY2FhLTExZTYtOGY4OC0zNDM2M2JjN2M0YzAiOnsiY3JlYXRlIjoxMjAwMDAwMDAwMDAwLCJkZWxldGUiOjEyMDAwMDAwMDAwMDAsInVwZGF0ZSI6MTIwMDAwMDAwMDAwMH19",
          "dependencies": [
            "aws_alb_target_group.blue-alb-target-group",
            "aws_ecs_cluster.demo_ecs_cluster",
            "aws_ecs_task_definition.demo_task_definition",
            "aws_security_group.elb_sg",
            "aws_subnet.my_subnet_a",
            "aws_subnet.my_subnet_c",
            "aws_vpc.my_vpc"
          ]
        }
      ]
    },
    {
      "mode": "managed",
      "type": "aws_ecs_task_definition",
      "name": "demo_task_definition",
      "provider": "provider[\"registry.terraform.io/hashicorp/aws\"]",
      "instances": [
        {
          "schema_version": 1,
          "attributes": {
            "arn": "arn:aws:ecs:ap-northeast-1:469427049902:task-definition/demo_task_definition:2",
            "arn_without_revision": "arn:aws:ecs:ap-northeast-1:469427049902:task-definition/demo_task_definition",
            "container_definitions": "[{\"cpu\":512,\"environment\":[],\"essential\":true,\"image\":\"469427049902.dkr.ecr.ap-northeast-1.amazonaws.com/demo-ecr-repo:aws-code-pipeline\",\"memory\":3072,\"mountPoints\":[],\"name\":\"demo_aws_code_pipeline_container\",\"portMappings\":[{\"containerPort\":80,\"hostPort\":80,\"protocol\":\"tcp\"}],\"systemControls\":[],\"volumesFrom\":[]}]",
            "cpu": "512",
            "ephemeral_storage": [],
            "execution_role_arn": "arn:aws:iam::469427049902:role/ecsTaskExecutionRole",
            "family": "demo_task_definition",
            "id": "demo_task_definition",
            "inference_accelerator": [],
            "ipc_mode": "",
            "memory": "3072",
            "network_mode": "awsvpc",
            "pid_mode": "",
            "placement_constraints": [],
            "proxy_configuration": [],
            "requires_compatibilities": [
              "FARGATE"
            ],
            "revision": 2,
            "runtime_platform": [],
            "skip_destroy": false,
            "tags": {},
            "tags_all": {},
            "task_role_arn": "",
            "track_latest": false,
            "volume": []
          },
          "sensitive_attributes": [],
          "private": "eyJzY2hlbWFfdmVyc2lvbiI6IjEifQ=="
        }
      ]
    },
    {
      "mode": "managed",
      "type": "aws_iam_instance_profile",
      "name": "instance_profile",
      "provider": "provider[\"registry.terraform.io/hashicorp/aws\"]",
      "instances": [
        {
          "schema_version": 0,
          "attributes": {
            "arn": "arn:aws:iam::469427049902:instance-profile/deploy_instance_profile",
            "create_date": "2024-05-01T19:29:25Z",
            "id": "deploy_instance_profile",
            "name": "deploy_instance_profile",
            "name_prefix": "",
            "path": "/",
            "role": "deploy_agent_role",
            "tags": null,
            "tags_all": {},
            "unique_id": "AIPAW2TAIKWXKYKFEG2TY"
          },
          "sensitive_attributes": [],
          "private": "bnVsbA==",
          "dependencies": [
            "aws_iam_role.deploy_agent_role"
          ]
        }
      ]
    },
    {
      "mode": "managed",
      "type": "aws_iam_instance_profile",
      "name": "test_env_instance_profile",
      "provider": "provider[\"registry.terraform.io/hashicorp/aws\"]",
      "instances": [
        {
          "schema_version": 0,
          "attributes": {
            "arn": "arn:aws:iam::469427049902:instance-profile/test_env_deploy_instance_profile",
            "create_date": "2024-05-01T18:40:16Z",
            "id": "test_env_deploy_instance_profile",
            "name": "test_env_deploy_instance_profile",
            "name_prefix": "",
            "path": "/",
            "role": "test_env_deploy_agent_role",
            "tags": {},
            "tags_all": {},
            "unique_id": "AIPAW2TAIKWXM6FXFKR66"
          },
          "sensitive_attributes": [],
          "private": "bnVsbA==",
          "dependencies": [
            "aws_iam_role.test_env_deploy_agent_role"
          ]
        }
      ]
    },
    {
      "mode": "managed",
      "type": "aws_iam_policy",
      "name": "deploy_policy",
      "provider": "provider[\"registry.terraform.io/hashicorp/aws\"]",
      "instances": [
        {
          "schema_version": 0,
          "attributes": {
            "arn": "arn:aws:iam::469427049902:policy/deploy-policy",
            "attachment_count": 1,
            "description": "",
            "id": "arn:aws:iam::469427049902:policy/deploy-policy",
            "name": "deploy-policy",
            "name_prefix": "",
            "path": "/",
            "policy": "{\"Statement\":[{\"Action\":[\"s3:*\",\"s3-object-lambda:*\"],\"Effect\":\"Allow\",\"Resource\":\"*\"}],\"Version\":\"2012-10-17\"}",
            "policy_id": "ANPAW2TAIKWXJBSVHAGNK",
            "tags": {},
            "tags_all": {}
          },
          "sensitive_attributes": [],
          "private": "bnVsbA=="
        }
      ]
    },
    {
      "mode": "managed",
      "type": "aws_iam_policy",
      "name": "test_env_deploy_policy",
      "provider": "provider[\"registry.terraform.io/hashicorp/aws\"]",
      "instances": [
        {
          "schema_version": 0,
          "attributes": {
            "arn": "arn:aws:iam::469427049902:policy/test-env-deploy-policy",
            "attachment_count": 1,
            "description": "",
            "id": "arn:aws:iam::469427049902:policy/test-env-deploy-policy",
            "name": "test-env-deploy-policy",
            "name_prefix": "",
            "path": "/",
            "policy": "{\"Statement\":[{\"Action\":[\"s3:*\",\"s3-object-lambda:*\"],\"Effect\":\"Allow\",\"Resource\":\"*\"}],\"Version\":\"2012-10-17\"}",
            "policy_id": "ANPAW2TAIKWXJH6X2QGPT",
            "tags": {},
            "tags_all": {}
          },
          "sensitive_attributes": [],
          "private": "bnVsbA=="
        }
      ]
    },
    {
      "mode": "managed",
      "type": "aws_iam_policy_attachment",
      "name": "deploy_policy_attach",
      "provider": "provider[\"registry.terraform.io/hashicorp/aws\"]",
      "instances": [
        {
          "schema_version": 0,
          "attributes": {
            "groups": [],
            "id": "deploy-policy-attach",
            "name": "deploy-policy-attach",
            "policy_arn": "arn:aws:iam::469427049902:policy/deploy-policy",
            "roles": [
              "deploy_agent_role"
            ],
            "users": []
          },
          "sensitive_attributes": [],
          "private": "bnVsbA==",
          "dependencies": [
            "aws_iam_policy.deploy_policy",
            "aws_iam_role.deploy_agent_role"
          ]
        }
      ]
    },
    {
      "mode": "managed",
      "type": "aws_iam_policy_attachment",
      "name": "test_env_deploy_policy_attach",
      "provider": "provider[\"registry.terraform.io/hashicorp/aws\"]",
      "instances": [
        {
          "schema_version": 0,
          "attributes": {
            "groups": [],
            "id": "chapter-11-deploy-policy-attach",
            "name": "chapter-11-deploy-policy-attach",
            "policy_arn": "arn:aws:iam::469427049902:policy/test-env-deploy-policy",
            "roles": [
              "test_env_deploy_agent_role"
            ],
            "users": []
          },
          "sensitive_attributes": [],
          "private": "bnVsbA==",
          "dependencies": [
            "aws_iam_policy.test_env_deploy_policy",
            "aws_iam_role.test_env_deploy_agent_role"
          ]
        }
      ]
    },
    {
      "mode": "managed",
      "type": "aws_iam_role",
      "name": "code_build_service_role",
      "provider": "provider[\"registry.terraform.io/hashicorp/aws\"]",
      "instances": [
        {
          "schema_version": 0,
          "attributes": {
            "arn": "arn:aws:iam::469427049902:role/code_build_service_role",
            "assume_role_policy": "{\"Statement\":[{\"Action\":\"sts:AssumeRole\",\"Effect\":\"Allow\",\"Principal\":{\"Service\":\"codebuild.amazonaws.com\"},\"Sid\":\"\"}],\"Version\":\"2012-10-17\"}",
            "create_date": "2024-05-01T17:58:33Z",
            "description": "",
            "force_detach_policies": false,
            "id": "code_build_service_role",
            "inline_policy": [],
            "managed_policy_arns": [
              "arn:aws:iam::aws:policy/AWSCodeBuildAdminAccess",
              "arn:aws:iam::aws:policy/AmazonS3FullAccess",
              "arn:aws:iam::aws:policy/CloudWatchLogsFullAccess",
              "arn:aws:iam::aws:policy/EC2InstanceProfileForImageBuilderECRContainerBuilds"
            ],
            "max_session_duration": 3600,
            "name": "code_build_service_role",
            "name_prefix": "",
            "path": "/",
            "permissions_boundary": "",
            "tags": {},
            "tags_all": {},
            "unique_id": "AROAW2TAIKWXKS7AUJ5S2"
          },
          "sensitive_attributes": [],
          "private": "bnVsbA=="
        }
      ]
    },
    {
      "mode": "managed",
      "type": "aws_iam_role",
      "name": "demo_code_deployer_role",
      "provider": "provider[\"registry.terraform.io/hashicorp/aws\"]",
      "instances": [
        {
          "schema_version": 0,
          "attributes": {
            "arn": "arn:aws:iam::469427049902:role/code_deploy_service_role",
            "assume_role_policy": "{\"Statement\":[{\"Action\":\"sts:AssumeRole\",\"Effect\":\"Allow\",\"Principal\":{\"Service\":\"codedeploy.amazonaws.com\"},\"Sid\":\"\"}],\"Version\":\"2012-10-17\"}",
            "create_date": "2024-05-01T17:58:33Z",
            "description": "",
            "force_detach_policies": false,
            "id": "code_deploy_service_role",
            "inline_policy": [],
            "managed_policy_arns": [
              "arn:aws:iam::aws:policy/AWSCodeDeployRoleForECS",
              "arn:aws:iam::aws:policy/AmazonEC2FullAccess",
              "arn:aws:iam::aws:policy/AmazonS3ReadOnlyAccess"
            ],
            "max_session_duration": 3600,
            "name": "code_deploy_service_role",
            "name_prefix": "",
            "path": "/",
            "permissions_boundary": "",
            "tags": {},
            "tags_all": {},
            "unique_id": "AROAW2TAIKWXN2J6QXBT3"
          },
          "sensitive_attributes": [],
          "private": "bnVsbA=="
        }
      ]
    },
    {
      "mode": "managed",
      "type": "aws_iam_role",
      "name": "deploy_agent_role",
      "provider": "provider[\"registry.terraform.io/hashicorp/aws\"]",
      "instances": [
        {
          "schema_version": 0,
          "attributes": {
            "arn": "arn:aws:iam::469427049902:role/deploy_agent_role",
            "assume_role_policy": "{\"Statement\":[{\"Action\":\"sts:AssumeRole\",\"Effect\":\"Allow\",\"Principal\":{\"Service\":\"ec2.amazonaws.com\"},\"Sid\":\"\"}],\"Version\":\"2012-10-17\"}",
            "create_date": "2024-05-01T19:17:02Z",
            "description": "",
            "force_detach_policies": false,
            "id": "deploy_agent_role",
            "inline_policy": [],
            "managed_policy_arns": [
              "arn:aws:iam::469427049902:policy/deploy-policy"
            ],
            "max_session_duration": 3600,
            "name": "deploy_agent_role",
            "name_prefix": "",
            "path": "/",
            "permissions_boundary": "",
            "tags": {},
            "tags_all": {},
            "unique_id": "AROAW2TAIKWXLMMOEU6UR"
          },
          "sensitive_attributes": [],
          "private": "bnVsbA=="
        }
      ]
    },
    {
      "mode": "managed",
      "type": "aws_iam_role",
      "name": "test_env_deploy_agent_role",
      "provider": "provider[\"registry.terraform.io/hashicorp/aws\"]",
      "instances": [
        {
          "schema_version": 0,
          "attributes": {
            "arn": "arn:aws:iam::469427049902:role/test_env_deploy_agent_role",
            "assume_role_policy": "{\"Statement\":[{\"Action\":\"sts:AssumeRole\",\"Effect\":\"Allow\",\"Principal\":{\"Service\":\"ec2.amazonaws.com\"},\"Sid\":\"\"}],\"Version\":\"2012-10-17\"}",
            "create_date": "2024-05-01T18:40:15Z",
            "description": "",
            "force_detach_policies": false,
            "id": "test_env_deploy_agent_role",
            "inline_policy": [],
            "managed_policy_arns": [
              "arn:aws:iam::469427049902:policy/test-env-deploy-policy"
            ],
            "max_session_duration": 3600,
            "name": "test_env_deploy_agent_role",
            "name_prefix": "",
            "path": "/",
            "permissions_boundary": "",
            "tags": {},
            "tags_all": {},
            "unique_id": "AROAW2TAIKWXHQBG23XHK"
          },
          "sensitive_attributes": [],
          "private": "bnVsbA=="
        }
      ]
    },
    {
      "mode": "managed",
      "type": "aws_internet_gateway",
      "name": "my_igw",
      "provider": "provider[\"registry.terraform.io/hashicorp/aws\"]",
      "instances": [
        {
          "schema_version": 0,
          "attributes": {
            "arn": "arn:aws:ec2:ap-northeast-1:469427049902:internet-gateway/igw-0dc9c9bdc586f3eaf",
            "id": "igw-0dc9c9bdc586f3eaf",
            "owner_id": "469427049902",
            "tags": {
              "Name": "terraform-igw",
              "managedby": "terraform"
            },
            "tags_all": {
              "Name": "terraform-igw",
              "managedby": "terraform"
            },
            "timeouts": null,
            "vpc_id": "vpc-04edd6c30e1ab3df8"
          },
          "sensitive_attributes": [],
          "private": "eyJlMmJmYjczMC1lY2FhLTExZTYtOGY4OC0zNDM2M2JjN2M0YzAiOnsiY3JlYXRlIjoxMjAwMDAwMDAwMDAwLCJkZWxldGUiOjEyMDAwMDAwMDAwMDAsInVwZGF0ZSI6MTIwMDAwMDAwMDAwMH19",
          "dependencies": [
            "aws_vpc.my_vpc"
          ]
        }
      ]
    },
    {
      "mode": "managed",
      "type": "aws_key_pair",
      "name": "test_keypair",
      "provider": "provider[\"registry.terraform.io/hashicorp/aws\"]",
      "instances": [
        {
          "schema_version": 1,
          "attributes": {
            "arn": "arn:aws:ec2:ap-northeast-1:469427049902:key-pair/deploy-demo-keypair",
            "fingerprint": "41:eb:59:39:b6:98:cb:2f:32:6e:fb:b3:3a:03:20:6c",
            "id": "deploy-demo-keypair",
            "key_name": "deploy-demo-keypair",
            "key_name_prefix": "",
            "key_pair_id": "key-059e6b21d53a37013",
            "key_type": "rsa",
            "public_key": "ssh-rsa AAAAB3NzaC1yc2EAAAADAQABAAACAQD0ptEXMnRQu2uLTQJPA47SWf9FLQRLwbJQruztVMcyBgdOeybA/dM3Z80OjoZCLe/NH/pZd2gKhsyeixmcKovXahR5dfqApUjVW+rthRMWLoY5StyLvd4AxCHs1tSluV+rc+j5FbOlYZdb98kK3vMPwDLxxn7RJcDdzMbRWKOXiyg0hU4FbGfwo9kbidNm3mZ5SjmZC7EqCm0pdAdTUQd6dMFD437lCWuEZnfiO2hZxjsLqqyrFIQRTeaR4ozy7zgoBK4nasvNTbECCTXW5eudkq0emOvE1Sa0HwEZz/e/o/qjVIoFXlm+xlV/xj9i/QuNgJNY1QRQz+TmqjtwSN10QY2/zTKOzQiqkY9ASuV02MR4bnNTDO468LTz+p9xSSJJ6dpprbwKrR7zbZ6MwrUH2hEtGKR5+Pv0EPIo1fqYMlCR4sY9REEZbf+/SZsoZZXb9mHuX8w6IZ4Goa/sWbVOwOv5/VLKvb/lAPa58YVR5R9IBDIPbmZP0fd9aJB9sJUhqGry1x/8XjPEdHT74s+PbPU1JzG/UPDBKLfhGO4TvyECei9CVvtAJp3j4QqqOpk05zEQn/btmihlM4H3IstWFgfhAhkw9JxN4l/rKOPGREEmr0R2h11zXhBHx+ppMKAdqryXr1OgzNFJ4RTUxYVJsbEydOxE+1m69D5nC2bTCQ==",
            "tags": {},
            "tags_all": {}
          },
          "sensitive_attributes": [],
          "private": "eyJzY2hlbWFfdmVyc2lvbiI6IjEifQ==",
          "dependencies": [
            "tls_private_key.test_key"
          ]
        }
      ]
    },
    {
      "mode": "managed",
      "type": "aws_launch_template",
      "name": "test_env_ec2_launch_template",
      "provider": "provider[\"registry.terraform.io/hashicorp/aws\"]",
      "instances": [
        {
          "schema_version": 0,
          "attributes": {
            "arn": "arn:aws:ec2:ap-northeast-1:469427049902:launch-template/lt-00905ef797cc7b302",
            "block_device_mappings": [],
            "capacity_reservation_specification": [],
            "cpu_options": [],
            "credit_specification": [],
            "default_version": 1,
            "description": "",
            "disable_api_stop": false,
            "disable_api_termination": false,
            "ebs_optimized": "",
            "elastic_gpu_specifications": [],
            "elastic_inference_accelerator": [],
            "enclave_options": [],
            "hibernation_options": [],
            "iam_instance_profile": [
              {
                "arn": "",
                "name": "test_env_deploy_instance_profile"
              }
            ],
            "id": "lt-00905ef797cc7b302",
            "image_id": "ami-0ab3794db9457b60a",
            "instance_initiated_shutdown_behavior": "",
            "instance_market_options": [],
            "instance_requirements": [],
            "instance_type": "t2.micro",
            "kernel_id": "",
            "key_name": "deploy-demo-keypair",
            "latest_version": 2,
            "license_specification": [],
            "maintenance_options": [],
            "metadata_options": [],
            "monitoring": [],
            "name": "my-launch-template20240501185143290700000001",
            "name_prefix": "my-launch-template",
            "network_interfaces": [],
            "placement": [],
            "private_dns_name_options": [],
            "ram_disk_id": "",
            "security_group_names": [],
            "tag_specifications": [],
            "tags": {},
            "tags_all": {},
            "update_default_version": null,
            "user_data": "IyEvYmluL2Jhc2gNCnN1ZG8geXVtIHVwZGF0ZSAteQ0Kc3VkbyB5dW0gaW5zdGFsbCBydWJ5IC15DQpzdWRvIHl1bSBpbnN0YWxsIHdnZXQgLXkNCmNkIC9ob21lL2VjMi11c2VyDQp3Z2V0IGh0dHBzOi8vYXdzLWNvZGVkZXBsb3ktYXAtbm9ydGhlYXN0LTEuczMuYW1hem9uYXdzLmNvbS9sYXRlc3QvaW5zdGFsbA0KY2htb2QgK3ggLi9pbnN0YWxsDQpzdWRvIC4vaW5zdGFsbCBhdXRvDQpzdWRvIHN5c3RlbWN0bCBjb2RlZGVwbG95LWFnZW50IHN0YXJ0DQpybSBpbnN0YWxsDQpzdWRvIGFtYXpvbi1saW51eC1leHRyYXMgaW5zdGFsbCBqYXZhLW9wZW5qZGsxNyAteQ==",
            "vpc_security_group_ids": [
              "sg-0890923ea4974f25b"
            ]
          },
          "sensitive_attributes": [],
          "private": "bnVsbA==",
          "dependencies": [
            "aws_iam_instance_profile.test_env_instance_profile",
            "aws_iam_role.test_env_deploy_agent_role",
            "aws_security_group.elb_sg",
            "aws_vpc.my_vpc"
          ]
        }
      ]
    },
    {
      "mode": "managed",
      "type": "aws_route_table",
      "name": "my_route_table",
      "provider": "provider[\"registry.terraform.io/hashicorp/aws\"]",
      "instances": [
        {
          "schema_version": 0,
          "attributes": {
            "arn": "arn:aws:ec2:ap-northeast-1:469427049902:route-table/rtb-0c682a4204ab1d6ab",
            "id": "rtb-0c682a4204ab1d6ab",
            "owner_id": "469427049902",
            "propagating_vgws": [],
            "route": [
              {
                "carrier_gateway_id": "",
                "cidr_block": "0.0.0.0/0",
                "core_network_arn": "",
                "destination_prefix_list_id": "",
                "egress_only_gateway_id": "",
                "gateway_id": "igw-0dc9c9bdc586f3eaf",
                "ipv6_cidr_block": "",
                "local_gateway_id": "",
                "nat_gateway_id": "",
                "network_interface_id": "",
                "transit_gateway_id": "",
                "vpc_endpoint_id": "",
                "vpc_peering_connection_id": ""
              }
            ],
            "tags": {
              "Name": "terraform-rt",
              "managedby": "terraform"
            },
            "tags_all": {
              "Name": "terraform-rt",
              "managedby": "terraform"
            },
            "timeouts": null,
            "vpc_id": "vpc-04edd6c30e1ab3df8"
          },
          "sensitive_attributes": [],
          "private": "eyJlMmJmYjczMC1lY2FhLTExZTYtOGY4OC0zNDM2M2JjN2M0YzAiOnsiY3JlYXRlIjozMDAwMDAwMDAwMDAsImRlbGV0ZSI6MzAwMDAwMDAwMDAwLCJ1cGRhdGUiOjEyMDAwMDAwMDAwMH19",
          "dependencies": [
            "aws_internet_gateway.my_igw",
            "aws_vpc.my_vpc"
          ]
        }
      ]
    },
    {
      "mode": "managed",
      "type": "aws_route_table_association",
      "name": "my_route_table_association_a",
      "provider": "provider[\"registry.terraform.io/hashicorp/aws\"]",
      "instances": [
        {
          "schema_version": 0,
          "attributes": {
            "gateway_id": "",
            "id": "rtbassoc-06cc55cb2e448c122",
            "route_table_id": "rtb-0c682a4204ab1d6ab",
            "subnet_id": "subnet-064cb3678eb3eb8ae",
            "timeouts": null
          },
          "sensitive_attributes": [],
          "private": "eyJlMmJmYjczMC1lY2FhLTExZTYtOGY4OC0zNDM2M2JjN2M0YzAiOnsiY3JlYXRlIjozMDAwMDAwMDAwMDAsImRlbGV0ZSI6MzAwMDAwMDAwMDAwLCJ1cGRhdGUiOjEyMDAwMDAwMDAwMH19",
          "dependencies": [
            "aws_internet_gateway.my_igw",
            "aws_route_table.my_route_table",
            "aws_subnet.my_subnet_a",
            "aws_vpc.my_vpc"
          ]
        }
      ]
    },
    {
      "mode": "managed",
      "type": "aws_route_table_association",
      "name": "my_route_table_association_c",
      "provider": "provider[\"registry.terraform.io/hashicorp/aws\"]",
      "instances": [
        {
          "schema_version": 0,
          "attributes": {
            "gateway_id": "",
            "id": "rtbassoc-0197e55f8ccd0a578",
            "route_table_id": "rtb-0c682a4204ab1d6ab",
            "subnet_id": "subnet-0ac8e8581f7f204b7",
            "timeouts": null
          },
          "sensitive_attributes": [],
          "private": "eyJlMmJmYjczMC1lY2FhLTExZTYtOGY4OC0zNDM2M2JjN2M0YzAiOnsiY3JlYXRlIjozMDAwMDAwMDAwMDAsImRlbGV0ZSI6MzAwMDAwMDAwMDAwLCJ1cGRhdGUiOjEyMDAwMDAwMDAwMH19",
          "dependencies": [
            "aws_internet_gateway.my_igw",
            "aws_route_table.my_route_table",
            "aws_subnet.my_subnet_c",
            "aws_vpc.my_vpc"
          ]
        }
      ]
    },
    {
      "mode": "managed",
      "type": "aws_security_group",
      "name": "elb_sg",
      "provider": "provider[\"registry.terraform.io/hashicorp/aws\"]",
      "instances": [
        {
          "schema_version": 1,
          "attributes": {
            "arn": "arn:aws:ec2:ap-northeast-1:469427049902:security-group/sg-0890923ea4974f25b",
            "description": "Allow inbound traffic on port 80",
            "egress": [
              {
                "cidr_blocks": [
                  "0.0.0.0/0"
                ],
                "description": "",
                "from_port": 0,
                "ipv6_cidr_blocks": [],
                "prefix_list_ids": [],
                "protocol": "-1",
                "security_groups": [],
                "self": false,
                "to_port": 0
              }
            ],
            "id": "sg-0890923ea4974f25b",
            "ingress": [
              {
                "cidr_blocks": [
                  "0.0.0.0/0"
                ],
                "description": "",
                "from_port": 8080,
                "ipv6_cidr_blocks": [],
                "prefix_list_ids": [],
                "protocol": "tcp",
                "security_groups": [],
                "self": false,
                "to_port": 8080
              },
              {
                "cidr_blocks": [
                  "0.0.0.0/0"
                ],
                "description": "",
                "from_port": 80,
                "ipv6_cidr_blocks": [],
                "prefix_list_ids": [],
                "protocol": "tcp",
                "security_groups": [],
                "self": false,
                "to_port": 80
              }
            ],
            "name": "elb_sg",
            "name_prefix": "",
            "owner_id": "469427049902",
            "revoke_rules_on_delete": false,
            "tags": {
              "Name": "terraform-sg",
              "managedby": "terraform"
            },
            "tags_all": {
              "Name": "terraform-sg",
              "managedby": "terraform"
            },
            "timeouts": null,
            "vpc_id": "vpc-04edd6c30e1ab3df8"
          },
          "sensitive_attributes": [],
          "private": "eyJlMmJmYjczMC1lY2FhLTExZTYtOGY4OC0zNDM2M2JjN2M0YzAiOnsiY3JlYXRlIjo2MDAwMDAwMDAwMDAsImRlbGV0ZSI6OTAwMDAwMDAwMDAwfSwic2NoZW1hX3ZlcnNpb24iOiIxIn0=",
          "dependencies": [
            "aws_vpc.my_vpc"
          ]
        }
      ]
    },
    {
      "mode": "managed",
      "type": "aws_security_group",
      "name": "instance-sg",
      "provider": "provider[\"registry.terraform.io/hashicorp/aws\"]",
      "instances": [
        {
          "schema_version": 1,
          "attributes": {
            "arn": "arn:aws:ec2:ap-northeast-1:469427049902:security-group/sg-00e47cd8e25fec042",
            "description": "Managed by Terraform",
            "egress": [
              {
                "cidr_blocks": [
                  "0.0.0.0/0"
                ],
                "description": "",
                "from_port": 0,
                "ipv6_cidr_blocks": [],
                "prefix_list_ids": [],
                "protocol": "-1",
                "security_groups": [],
                "self": false,
                "to_port": 0
              }
            ],
            "id": "sg-00e47cd8e25fec042",
            "ingress": [
              {
                "cidr_blocks": [
                  "0.0.0.0/0"
                ],
                "description": "",
                "from_port": 8080,
                "ipv6_cidr_blocks": [],
                "prefix_list_ids": [],
                "protocol": "tcp",
                "security_groups": [],
                "self": false,
                "to_port": 8080
              },
              {
                "cidr_blocks": [
                  "0.0.0.0/0"
                ],
                "description": "",
                "from_port": 80,
                "ipv6_cidr_blocks": [],
                "prefix_list_ids": [],
                "protocol": "tcp",
                "security_groups": [],
                "self": false,
                "to_port": 80
              }
            ],
            "name": "terraform-example-instance-sg",
            "name_prefix": "",
            "owner_id": "469427049902",
            "revoke_rules_on_delete": false,
            "tags": {},
            "tags_all": {},
            "timeouts": null,
            "vpc_id": "vpc-04edd6c30e1ab3df8"
          },
          "sensitive_attributes": [],
          "private": "eyJlMmJmYjczMC1lY2FhLTExZTYtOGY4OC0zNDM2M2JjN2M0YzAiOnsiY3JlYXRlIjo2MDAwMDAwMDAwMDAsImRlbGV0ZSI6OTAwMDAwMDAwMDAwfSwic2NoZW1hX3ZlcnNpb24iOiIxIn0=",
          "dependencies": [
            "aws_vpc.my_vpc"
          ]
        }
      ]
    },
    {
      "mode": "managed",
      "type": "aws_subnet",
      "name": "my_subnet_a",
      "provider": "provider[\"registry.terraform.io/hashicorp/aws\"]",
      "instances": [
        {
          "schema_version": 1,
          "attributes": {
            "arn": "arn:aws:ec2:ap-northeast-1:469427049902:subnet/subnet-064cb3678eb3eb8ae",
            "assign_ipv6_address_on_creation": false,
            "availability_zone": "ap-northeast-1a",
            "availability_zone_id": "apne1-az4",
            "cidr_block": "10.0.1.0/24",
            "customer_owned_ipv4_pool": "",
            "enable_dns64": false,
            "enable_lni_at_device_index": 0,
            "enable_resource_name_dns_a_record_on_launch": false,
            "enable_resource_name_dns_aaaa_record_on_launch": false,
            "id": "subnet-064cb3678eb3eb8ae",
            "ipv6_cidr_block": "",
            "ipv6_cidr_block_association_id": "",
            "ipv6_native": false,
            "map_customer_owned_ip_on_launch": false,
            "map_public_ip_on_launch": true,
            "outpost_arn": "",
            "owner_id": "469427049902",
            "private_dns_hostname_type_on_launch": "ip-name",
            "tags": {
              "Name": "terraform-a",
              "managedby": "terraform"
            },
            "tags_all": {
              "Name": "terraform-a",
              "managedby": "terraform"
            },
            "timeouts": null,
            "vpc_id": "vpc-04edd6c30e1ab3df8"
          },
          "sensitive_attributes": [],
          "private": "eyJlMmJmYjczMC1lY2FhLTExZTYtOGY4OC0zNDM2M2JjN2M0YzAiOnsiY3JlYXRlIjo2MDAwMDAwMDAwMDAsImRlbGV0ZSI6MTIwMDAwMDAwMDAwMH0sInNjaGVtYV92ZXJzaW9uIjoiMSJ9",
          "dependencies": [
            "aws_vpc.my_vpc"
          ]
        }
      ]
    },
    {
      "mode": "managed",
      "type": "aws_subnet",
      "name": "my_subnet_c",
      "provider": "provider[\"registry.terraform.io/hashicorp/aws\"]",
      "instances": [
        {
          "schema_version": 1,
          "attributes": {
            "arn": "arn:aws:ec2:ap-northeast-1:469427049902:subnet/subnet-0ac8e8581f7f204b7",
            "assign_ipv6_address_on_creation": false,
            "availability_zone": "ap-northeast-1c",
            "availability_zone_id": "apne1-az1",
            "cidr_block": "10.0.2.0/24",
            "customer_owned_ipv4_pool": "",
            "enable_dns64": false,
            "enable_lni_at_device_index": 0,
            "enable_resource_name_dns_a_record_on_launch": false,
            "enable_resource_name_dns_aaaa_record_on_launch": false,
            "id": "subnet-0ac8e8581f7f204b7",
            "ipv6_cidr_block": "",
            "ipv6_cidr_block_association_id": "",
            "ipv6_native": false,
            "map_customer_owned_ip_on_launch": false,
            "map_public_ip_on_launch": true,
            "outpost_arn": "",
            "owner_id": "469427049902",
            "private_dns_hostname_type_on_launch": "ip-name",
            "tags": {
              "Name": "terraform-c",
              "managedby": "terraform"
            },
            "tags_all": {
              "Name": "terraform-c",
              "managedby": "terraform"
            },
            "timeouts": null,
            "vpc_id": "vpc-04edd6c30e1ab3df8"
          },
          "sensitive_attributes": [],
          "private": "eyJlMmJmYjczMC1lY2FhLTExZTYtOGY4OC0zNDM2M2JjN2M0YzAiOnsiY3JlYXRlIjo2MDAwMDAwMDAwMDAsImRlbGV0ZSI6MTIwMDAwMDAwMDAwMH0sInNjaGVtYV92ZXJzaW9uIjoiMSJ9",
          "dependencies": [
            "aws_vpc.my_vpc"
          ]
        }
      ]
    },
    {
      "mode": "managed",
      "type": "aws_vpc",
      "name": "my_vpc",
      "provider": "provider[\"registry.terraform.io/hashicorp/aws\"]",
      "instances": [
        {
          "schema_version": 1,
          "attributes": {
            "arn": "arn:aws:ec2:ap-northeast-1:469427049902:vpc/vpc-04edd6c30e1ab3df8",
            "assign_generated_ipv6_cidr_block": false,
            "cidr_block": "10.0.0.0/16",
            "default_network_acl_id": "acl-077e36ac32454a1e1",
            "default_route_table_id": "rtb-0360ae545183fd786",
            "default_security_group_id": "sg-03c2aad1681b0cfd3",
            "dhcp_options_id": "dopt-04cc1883b9be2380e",
            "enable_dns_hostnames": false,
            "enable_dns_support": true,
            "enable_network_address_usage_metrics": false,
            "id": "vpc-04edd6c30e1ab3df8",
            "instance_tenancy": "default",
            "ipv4_ipam_pool_id": null,
            "ipv4_netmask_length": null,
            "ipv6_association_id": "",
            "ipv6_cidr_block": "",
            "ipv6_cidr_block_network_border_group": "",
            "ipv6_ipam_pool_id": "",
            "ipv6_netmask_length": 0,
            "main_route_table_id": "rtb-0360ae545183fd786",
            "owner_id": "469427049902",
            "tags": {
              "Name": "terraform-vpc",
              "managedby": "terraform"
            },
            "tags_all": {
              "Name": "terraform-vpc",
              "managedby": "terraform"
            }
          },
          "sensitive_attributes": [],
          "private": "eyJzY2hlbWFfdmVyc2lvbiI6IjEifQ=="
        }
      ]
    },
    {
      "mode": "managed",
      "type": "local_file",
      "name": "test_local",
      "provider": "provider[\"registry.terraform.io/hashicorp/local\"]",
      "instances": [
        {
          "schema_version": 0,
          "attributes": {
            "content": "-----BEGIN RSA PRIVATE KEY-----\nMIIJKAIBAAKCAgEA9KbRFzJ0ULtri00CTwOO0ln/RS0ES8GyUK7s7VTHMgYHTnsm\nwP3TN2fNDo6GQi3vzR/6WXdoCobMnosZnCqL12oUeXX6gKVI1Vvq7YUTFi6GOUrc\ni73eAMQh7NbUpblfq3Po+RWzpWGXW/fJCt7zD8Ay8cZ+0SXA3czG0Vijl4soNIVO\nBWxn8KPZG4nTZt5meUo5mQuxKgptKXQHU1EHenTBQ+N+5QlrhGZ34jtoWcY7C6qs\nqxSEEU3mkeKM8u84KASuJ2rLzU2xAgk11uXrnZKtHpjrxNUmtB8BGc/3v6P6o1SK\nBV5ZvsZVf8Y/Yv0LjYCTWNUEUM/k5qo7cEjddEGNv80yjs0IqpGPQErldNjEeG5z\nUwzuOvC08/qfcUkiSenaaa28Cq0e822ejMK1B9oRLRikefj79BDyKNX6mDJQkeLG\nPURBGW3/v0mbKGWV2/Zh7l/MOiGeBqGv7Fm1TsDr+f1Syr2/5QD2ufGFUeUfSAQy\nD25mT9H3fWiQfbCVIahq8tcf/F4zxHR0++LPj2z1NScxv1DwwSi34RjuE78hAnov\nQlb7QCad4+EKqjqZNOcxEJ/27ZooZTOB9yLLVhYH4QIZMPScTeJf6yjjxkRBJq9E\ndoddc14QR8fqaTCgHaq8l69ToMzRSeEU1MWFSbGxMnTsRPtZuvQ+Zwtm0wkCAwEA\nAQKCAgAtesFN1aRHyb+BQsyWEaxAMFjC7E5rItPaKdqDeAobo4FCNqSKpeTY3OQC\nu737mXyFnlc0wHzH0C1Dn8of/MzIO8EYnzT1K0Sx3Qd8JgvZSMbM6by8AYy+ibdg\nxsL7F83QGpkJjN47dTvk7dgivDVlDS6rQWIb0S/cS4/+JMMsjcLomItbeL6NvnfC\npcl1ywwzqfexGrpRfWSzmw0tkNeaDRBMZYMWYrzo/P92P+LzJWWekpjMqOCwMtIU\n9o+LLas7zTruuuyt+q5YGYw3qcA2J6klEfpqOdGbFFRpDv8YUgxqxnFt9A8s5sPI\nH/tylGXMZUV+8wJ9X1hHBQhNpE3+TI7WmGyiH2o3cTod2t0/6HndFy3wIcr28Fa4\nbPP+7G8/u8uHL/ceWJUUdIwm0lEemuA77WYhsqbUgIAvQxiELLOfHv6y96Lb4WTf\nd0iSY3yZEhGjTSblm5hBeyC//aqIbseVLkLk7HR7tQyjeyerEMD7WDT2vnVWoQjd\nWxlRcpTaRtUBGnoJmSiA6jdylxvpK6lB9sXV7Fn0aEpkBcaJeDsq111aC8OcG7wS\nS6uU/uCF4/CD3U1s/saLzoJ0YGYJ8SiD457Sbp53pK58YvvPsLgln1y6gtURxFj/\nkZ6f5wiTfZvyq5Akqgp+7zfEre8M4hCHNe4ijZPqNAecp3D2sQKCAQEA9n4f0SNk\ndqBwucATyi2sfC/z7bS5TSPoS7BObiMGvk45MxQzLvqGWXhSPpEg2ViKDyPM2uZw\nhAk/iDTKVO5N2CEy8jStBjAHI0CRcfzFo10mKaFbytsGHUNbEs2NF+tgBd+HH6rp\nFMDG36PVatwSCSBh3wfGpFf8cr3o5/YL7NbHNFg+VMuleYaeNGlo73SsbXDmnaIi\n41rNlaxG6kghaYTiIb2hvdefb/ZD0IfklOFCnYXOh6pr9LDKjN94a6xLSMq08K9o\nRmEaDXr2II5ZC5p72Y6P8uUa5u6ZvWZrtNGnM3JXxPJFPLb78ighrRFc2fyzgDUy\npE475vZJ8j7X9QKCAQEA/haDkdWUHYoEhiQ2Fcf3pXqIpDwVP2DoJRlOqtc8iTpP\neoD5zK+xAaZQSsFzwrLl4/++zo/ZPJ9YB0kxorx/sw2F17bR8VTOX33fu+xENGfk\ntSPPBO/M5X02t+rmnP6m3CokB11jDNdbn6rB5q/Xxg6oFxR+uHIHrPu1vtmug9ZK\nPPNKzd4pT+yLM7P5sSIFHGvrMBJBKki2kZ7lYkPf07Hfh9LoizxiNsQ+gdCcXk5M\nbF+tz5Ew+UFWKzMWSMt84GSiIvcNbOzhxe4zjpoVJSeNnb7wXDTW7uORSE93zouR\nVmqqq9mRT1vSuEFc2AhytpnjSGb12kKzpfcYON9mRQKCAQABq4ETraW0mAmreH2p\n1P1iKgEBD0RiHWgpexxM6rfU+jqw+eYO32uhl4sXGWybjFoDGD7/DKiefGGNzq3A\nPY0Rdcgek/TIIfMqbfmOSCQeozbq+Ujh6vHzqM0pJ3NZQiL4ZzdHI6VImrW+NiHw\nA2Wr4ihHlonl+yKetGKrj6MtC5d151Mkx+xrElpoCH7JgITaiPVHBB4wZCEYbn5c\nf/iZ+mh9ygcafid6XrS+6OzHhW8qGgn4KVNp6Pi2U51BPX2VFKp9JvMR5v6CMN8S\nAWThCz7jjm+zOZIhFmS8P8FjDDiRxKiLkQifDK5QSa1QutliMLAWokWhj1YgjnKZ\nzYsxAoIBACrQWl0hcvLDRd3gjih/aHA+xHWAFkh2qMdPi1zoJbAt3iSTRQRDenz/\nrDncfQgKowgXGOyvenhnlSqtH6r/PjlKhwoBKUET/C5FBIUi259E/lmzbfez/H+S\n6Lx23WMI2c7xXt7K0pzgUPUHjeK0MJST9ajl8DBeLoLsawR8o5Zdbmb0y98Cl017\nWz1cDy/Uvq26VYflG4vncrP45Uf4jeea6kJ1vG9xvk7iJHI1V5Pgd6ovORdnrKvj\nYYSn+BJOD320F0ny/RUkmSqD57YYqoV3M7qn6NJwqOLZ/6oCkfqAs/2uvZF1eLG5\nlDkt8loImmPAbHbPuo+Le7/0ceVrZ00CggEBAKbrHrO4kyd2u+CbGMsk8Bh3NWLj\nbnqngYAbFZKoyC25gvu8ouOn7ospV/GQrhJTTECIqZ8+5DDP18eZG98vkouzpkGl\ntmumftrkPeZqHpIjWuAaDYsy5aopDuGdfcfIY/Q6vJfdWmKa1ZzUzVhGhCSVw6RD\n8gl6gpM4ATo6juQpAKUqgk/WKUyI4EMjLn6G37hZQw6Bv1Ep43mVWfmtRcio2nG3\njmG/Xjxsrvp76ceHnHvBg3qLITWuYTNIRcBpO9N61KOXy5XWghaevroNPQG/i2px\nVMwim6cQNFh3Pd3/62PdPCDWeNYHON2LwCTdB+oYJEakEyP4siAT0h6OJ5A=\n-----END RSA PRIVATE KEY-----\n",
            "content_base64": null,
            "content_base64sha256": "6VU3CmSDnKvGRRMgafhiOFPqHUc3tAau+Ti7sivcaSE=",
            "content_base64sha512": "xZRnzYZL2nSVX0m5N9ZNRqay8fzROeNREb1a4+xokTiPwaTarhg4E6moJHfQp/DWlgh9H4+CScjoUdKR++7K+A==",
            "content_md5": "20f1057bb11f4356effe3ff5fbe80ac9",
            "content_sha1": "4dff44127f18273e6db2b0aa47c7ae7e005d1bc2",
            "content_sha256": "e955370a64839cabc645132069f8623853ea1d4737b406aef938bbb22bdc6921",
            "content_sha512": "c59467cd864bda74955f49b937d64d46a6b2f1fcd139e35111bd5ae3ec6891388fc1a4daae183813a9a82477d0a7f0d696087d1f8f8249c8e851d291fbeecaf8",
            "directory_permission": "0777",
            "file_permission": "0400",
            "filename": "./keypair/deploy-demo-keypair.pem",
            "id": "4dff44127f18273e6db2b0aa47c7ae7e005d1bc2",
            "sensitive_content": null,
            "source": null
          },
          "sensitive_attributes": [
            [
              {
                "type": "get_attr",
                "value": "content"
              }
            ],
            [
              {
                "type": "get_attr",
                "value": "sensitive_content"
              }
            ]
          ],
          "dependencies": [
            "tls_private_key.test_key"
          ]
        }
      ]
    },
    {
      "mode": "managed",
      "type": "tls_private_key",
      "name": "test_key",
      "provider": "provider[\"registry.terraform.io/hashicorp/tls\"]",
      "instances": [
        {
          "schema_version": 1,
          "attributes": {
            "algorithm": "RSA",
            "ecdsa_curve": "P224",
            "id": "e1cc85f92ec92e8402d4c09b2b4677c70084c765",
            "private_key_openssh": "-----BEGIN OPENSSH PRIVATE KEY-----\nb3BlbnNzaC1rZXktdjEAAAAABG5vbmUAAAAEbm9uZQAAAAAAAAABAAACFwAAAAdz\nc2gtcnNhAAAAAwEAAQAAAgEA9KbRFzJ0ULtri00CTwOO0ln/RS0ES8GyUK7s7VTH\nMgYHTnsmwP3TN2fNDo6GQi3vzR/6WXdoCobMnosZnCqL12oUeXX6gKVI1Vvq7YUT\nFi6GOUrci73eAMQh7NbUpblfq3Po+RWzpWGXW/fJCt7zD8Ay8cZ+0SXA3czG0Vij\nl4soNIVOBWxn8KPZG4nTZt5meUo5mQuxKgptKXQHU1EHenTBQ+N+5QlrhGZ34jto\nWcY7C6qsqxSEEU3mkeKM8u84KASuJ2rLzU2xAgk11uXrnZKtHpjrxNUmtB8BGc/3\nv6P6o1SKBV5ZvsZVf8Y/Yv0LjYCTWNUEUM/k5qo7cEjddEGNv80yjs0IqpGPQErl\ndNjEeG5zUwzuOvC08/qfcUkiSenaaa28Cq0e822ejMK1B9oRLRikefj79BDyKNX6\nmDJQkeLGPURBGW3/v0mbKGWV2/Zh7l/MOiGeBqGv7Fm1TsDr+f1Syr2/5QD2ufGF\nUeUfSAQyD25mT9H3fWiQfbCVIahq8tcf/F4zxHR0++LPj2z1NScxv1DwwSi34Rju\nE78hAnovQlb7QCad4+EKqjqZNOcxEJ/27ZooZTOB9yLLVhYH4QIZMPScTeJf6yjj\nxkRBJq9Edoddc14QR8fqaTCgHaq8l69ToMzRSeEU1MWFSbGxMnTsRPtZuvQ+Zwtm\n0wkAAAc4K4xIkCuMSJAAAAAHc3NoLXJzYQAAAgEA9KbRFzJ0ULtri00CTwOO0ln/\nRS0ES8GyUK7s7VTHMgYHTnsmwP3TN2fNDo6GQi3vzR/6WXdoCobMnosZnCqL12oU\neXX6gKVI1Vvq7YUTFi6GOUrci73eAMQh7NbUpblfq3Po+RWzpWGXW/fJCt7zD8Ay\n8cZ+0SXA3czG0Vijl4soNIVOBWxn8KPZG4nTZt5meUo5mQuxKgptKXQHU1EHenTB\nQ+N+5QlrhGZ34jtoWcY7C6qsqxSEEU3mkeKM8u84KASuJ2rLzU2xAgk11uXrnZKt\nHpjrxNUmtB8BGc/3v6P6o1SKBV5ZvsZVf8Y/Yv0LjYCTWNUEUM/k5qo7cEjddEGN\nv80yjs0IqpGPQErldNjEeG5zUwzuOvC08/qfcUkiSenaaa28Cq0e822ejMK1B9oR\nLRikefj79BDyKNX6mDJQkeLGPURBGW3/v0mbKGWV2/Zh7l/MOiGeBqGv7Fm1TsDr\n+f1Syr2/5QD2ufGFUeUfSAQyD25mT9H3fWiQfbCVIahq8tcf/F4zxHR0++LPj2z1\nNScxv1DwwSi34RjuE78hAnovQlb7QCad4+EKqjqZNOcxEJ/27ZooZTOB9yLLVhYH\n4QIZMPScTeJf6yjjxkRBJq9Edoddc14QR8fqaTCgHaq8l69ToMzRSeEU1MWFSbGx\nMnTsRPtZuvQ+Zwtm0wkAAAADAQABAAACAC16wU3VpEfJv4FCzJYRrEAwWMLsTmsi\n09op2oN4ChujgUI2pIql5Njc5AK7vfuZfIWeVzTAfMfQLUOfyh/8zMg7wRifNPUr\nRLHdB3wmC9lIxszpvLwBjL6Jt2DGwvsXzdAamQmM3jt1O+Tt2CK8NWUNLqtBYhvR\nL9xLj/4kwyyNwuiYi1t4vo2+d8KlyXXLDDOp97EaulF9ZLObDS2Q15oNEExlgxZi\nvOj8/3Y/4vMlZZ6SmMyo4LAy0hT2j4stqzvNOu667K36rlgZjDepwDYnqSUR+mo5\n0ZsUVGkO/xhSDGrGcW30Dyzmw8gf+3KUZcxlRX7zAn1fWEcFCE2kTf5MjtaYbKIf\najdxOh3a3T/oed0XLfAhyvbwVrhs8/7sbz+7y4cv9x5YlRR0jCbSUR6a4DvtZiGy\nptSAgC9DGIQss58e/rL3otvhZN93SJJjfJkSEaNNJuWbmEF7IL/9qohux5UuQuTs\ndHu1DKN7J6sQwPtYNPa+dVahCN1bGVFylNpG1QEaegmZKIDqN3KXG+krqUH2xdXs\nWfRoSmQFxol4OyrXXVoLw5wbvBJLq5T+4IXj8IPdTWz+xovOgnRgZgnxKIPjntJu\nnnekrnxi+8+wuCWfXLqC1RHEWP+Rnp/nCJN9m/KrkCSqCn7vN8St7wziEIc17iKN\nk+o0B5yncPaxAAABAQCm6x6zuJMndrvgmxjLJPAYdzVi4256p4GAGxWSqMgtuYL7\nvKLjp+6LKVfxkK4SU0xAiKmfPuQwz9fHmRvfL5KLs6ZBpbZrpn7a5D3mah6SI1rg\nGg2LMuWqKQ7hnX3HyGP0OryX3VpimtWc1M1YRoQklcOkQ/IJeoKTOAE6Oo7kKQCl\nKoJP1ilMiOBDIy5+ht+4WUMOgb9RKeN5lVn5rUXIqNpxt45hv148bK76e+nHh5x7\nwYN6iyE1rmEzSEXAaTvTetSjl8uV1oIWnr66DT0Bv4tqcVTMIpunEDRYdz3d/+tj\n3Twg1njWBzjdi8Ak3QfqGCRGpBMj+LIgE9IejieQAAABAQD2fh/RI2R2oHC5wBPK\nLax8L/PttLlNI+hLsE5uIwa+TjkzFDMu+oZZeFI+kSDZWIoPI8za5nCECT+INMpU\n7k3YITLyNK0GMAcjQJFx/MWjXSYpoVvK2wYdQ1sSzY0X62AF34cfqukUwMbfo9Vq\n3BIJIGHfB8akV/xyvejn9gvs1sc0WD5Uy6V5hp40aWjvdKxtcOadoiLjWs2VrEbq\nSCFphOIhvaG9159v9kPQh+SU4UKdhc6Hqmv0sMqM33hrrEtIyrTwr2hGYRoNevYg\njlkLmnvZjo/y5Rrm7pm9Zmu00aczclfE8kU8tvvyKCGtEVzZ/LOANTKkTjvm9kny\nPtf1AAABAQD+FoOR1ZQdigSGJDYVx/eleoikPBU/YOglGU6q1zyJOk96gPnMr7EB\nplBKwXPCsuXj/77Oj9k8n1gHSTGivH+zDYXXttHxVM5ffd+77EQ0Z+S1I88E78zl\nfTa36uac/qbcKiQHXWMM11ufqsHmr9fGDqgXFH64cges+7W+2a6D1ko880rN3ilP\n7Iszs/mxIgUca+swEkEqSLaRnuViQ9/Tsd+H0uiLPGI2xD6B0JxeTkxsX63PkTD5\nQVYrMxZIy3zgZKIi9w1s7OHF7jOOmhUlJ42dvvBcNNbu45FIT3fOi5FWaqqr2ZFP\nW9K4QVzYCHK2meNIZvXaQrOl9xg432ZFAAAAAAEC\n-----END OPENSSH PRIVATE KEY-----\n",
            "private_key_pem": "-----BEGIN RSA PRIVATE KEY-----\nMIIJKAIBAAKCAgEA9KbRFzJ0ULtri00CTwOO0ln/RS0ES8GyUK7s7VTHMgYHTnsm\nwP3TN2fNDo6GQi3vzR/6WXdoCobMnosZnCqL12oUeXX6gKVI1Vvq7YUTFi6GOUrc\ni73eAMQh7NbUpblfq3Po+RWzpWGXW/fJCt7zD8Ay8cZ+0SXA3czG0Vijl4soNIVO\nBWxn8KPZG4nTZt5meUo5mQuxKgptKXQHU1EHenTBQ+N+5QlrhGZ34jtoWcY7C6qs\nqxSEEU3mkeKM8u84KASuJ2rLzU2xAgk11uXrnZKtHpjrxNUmtB8BGc/3v6P6o1SK\nBV5ZvsZVf8Y/Yv0LjYCTWNUEUM/k5qo7cEjddEGNv80yjs0IqpGPQErldNjEeG5z\nUwzuOvC08/qfcUkiSenaaa28Cq0e822ejMK1B9oRLRikefj79BDyKNX6mDJQkeLG\nPURBGW3/v0mbKGWV2/Zh7l/MOiGeBqGv7Fm1TsDr+f1Syr2/5QD2ufGFUeUfSAQy\nD25mT9H3fWiQfbCVIahq8tcf/F4zxHR0++LPj2z1NScxv1DwwSi34RjuE78hAnov\nQlb7QCad4+EKqjqZNOcxEJ/27ZooZTOB9yLLVhYH4QIZMPScTeJf6yjjxkRBJq9E\ndoddc14QR8fqaTCgHaq8l69ToMzRSeEU1MWFSbGxMnTsRPtZuvQ+Zwtm0wkCAwEA\nAQKCAgAtesFN1aRHyb+BQsyWEaxAMFjC7E5rItPaKdqDeAobo4FCNqSKpeTY3OQC\nu737mXyFnlc0wHzH0C1Dn8of/MzIO8EYnzT1K0Sx3Qd8JgvZSMbM6by8AYy+ibdg\nxsL7F83QGpkJjN47dTvk7dgivDVlDS6rQWIb0S/cS4/+JMMsjcLomItbeL6NvnfC\npcl1ywwzqfexGrpRfWSzmw0tkNeaDRBMZYMWYrzo/P92P+LzJWWekpjMqOCwMtIU\n9o+LLas7zTruuuyt+q5YGYw3qcA2J6klEfpqOdGbFFRpDv8YUgxqxnFt9A8s5sPI\nH/tylGXMZUV+8wJ9X1hHBQhNpE3+TI7WmGyiH2o3cTod2t0/6HndFy3wIcr28Fa4\nbPP+7G8/u8uHL/ceWJUUdIwm0lEemuA77WYhsqbUgIAvQxiELLOfHv6y96Lb4WTf\nd0iSY3yZEhGjTSblm5hBeyC//aqIbseVLkLk7HR7tQyjeyerEMD7WDT2vnVWoQjd\nWxlRcpTaRtUBGnoJmSiA6jdylxvpK6lB9sXV7Fn0aEpkBcaJeDsq111aC8OcG7wS\nS6uU/uCF4/CD3U1s/saLzoJ0YGYJ8SiD457Sbp53pK58YvvPsLgln1y6gtURxFj/\nkZ6f5wiTfZvyq5Akqgp+7zfEre8M4hCHNe4ijZPqNAecp3D2sQKCAQEA9n4f0SNk\ndqBwucATyi2sfC/z7bS5TSPoS7BObiMGvk45MxQzLvqGWXhSPpEg2ViKDyPM2uZw\nhAk/iDTKVO5N2CEy8jStBjAHI0CRcfzFo10mKaFbytsGHUNbEs2NF+tgBd+HH6rp\nFMDG36PVatwSCSBh3wfGpFf8cr3o5/YL7NbHNFg+VMuleYaeNGlo73SsbXDmnaIi\n41rNlaxG6kghaYTiIb2hvdefb/ZD0IfklOFCnYXOh6pr9LDKjN94a6xLSMq08K9o\nRmEaDXr2II5ZC5p72Y6P8uUa5u6ZvWZrtNGnM3JXxPJFPLb78ighrRFc2fyzgDUy\npE475vZJ8j7X9QKCAQEA/haDkdWUHYoEhiQ2Fcf3pXqIpDwVP2DoJRlOqtc8iTpP\neoD5zK+xAaZQSsFzwrLl4/++zo/ZPJ9YB0kxorx/sw2F17bR8VTOX33fu+xENGfk\ntSPPBO/M5X02t+rmnP6m3CokB11jDNdbn6rB5q/Xxg6oFxR+uHIHrPu1vtmug9ZK\nPPNKzd4pT+yLM7P5sSIFHGvrMBJBKki2kZ7lYkPf07Hfh9LoizxiNsQ+gdCcXk5M\nbF+tz5Ew+UFWKzMWSMt84GSiIvcNbOzhxe4zjpoVJSeNnb7wXDTW7uORSE93zouR\nVmqqq9mRT1vSuEFc2AhytpnjSGb12kKzpfcYON9mRQKCAQABq4ETraW0mAmreH2p\n1P1iKgEBD0RiHWgpexxM6rfU+jqw+eYO32uhl4sXGWybjFoDGD7/DKiefGGNzq3A\nPY0Rdcgek/TIIfMqbfmOSCQeozbq+Ujh6vHzqM0pJ3NZQiL4ZzdHI6VImrW+NiHw\nA2Wr4ihHlonl+yKetGKrj6MtC5d151Mkx+xrElpoCH7JgITaiPVHBB4wZCEYbn5c\nf/iZ+mh9ygcafid6XrS+6OzHhW8qGgn4KVNp6Pi2U51BPX2VFKp9JvMR5v6CMN8S\nAWThCz7jjm+zOZIhFmS8P8FjDDiRxKiLkQifDK5QSa1QutliMLAWokWhj1YgjnKZ\nzYsxAoIBACrQWl0hcvLDRd3gjih/aHA+xHWAFkh2qMdPi1zoJbAt3iSTRQRDenz/\nrDncfQgKowgXGOyvenhnlSqtH6r/PjlKhwoBKUET/C5FBIUi259E/lmzbfez/H+S\n6Lx23WMI2c7xXt7K0pzgUPUHjeK0MJST9ajl8DBeLoLsawR8o5Zdbmb0y98Cl017\nWz1cDy/Uvq26VYflG4vncrP45Uf4jeea6kJ1vG9xvk7iJHI1V5Pgd6ovORdnrKvj\nYYSn+BJOD320F0ny/RUkmSqD57YYqoV3M7qn6NJwqOLZ/6oCkfqAs/2uvZF1eLG5\nlDkt8loImmPAbHbPuo+Le7/0ceVrZ00CggEBAKbrHrO4kyd2u+CbGMsk8Bh3NWLj\nbnqngYAbFZKoyC25gvu8ouOn7ospV/GQrhJTTECIqZ8+5DDP18eZG98vkouzpkGl\ntmumftrkPeZqHpIjWuAaDYsy5aopDuGdfcfIY/Q6vJfdWmKa1ZzUzVhGhCSVw6RD\n8gl6gpM4ATo6juQpAKUqgk/WKUyI4EMjLn6G37hZQw6Bv1Ep43mVWfmtRcio2nG3\njmG/Xjxsrvp76ceHnHvBg3qLITWuYTNIRcBpO9N61KOXy5XWghaevroNPQG/i2px\nVMwim6cQNFh3Pd3/62PdPCDWeNYHON2LwCTdB+oYJEakEyP4siAT0h6OJ5A=\n-----END RSA PRIVATE KEY-----\n",
            "private_key_pem_pkcs8": "-----BEGIN PRIVATE KEY-----\nMIIJQgIBADANBgkqhkiG9w0BAQEFAASCCSwwggkoAgEAAoICAQD0ptEXMnRQu2uL\nTQJPA47SWf9FLQRLwbJQruztVMcyBgdOeybA/dM3Z80OjoZCLe/NH/pZd2gKhsye\nixmcKovXahR5dfqApUjVW+rthRMWLoY5StyLvd4AxCHs1tSluV+rc+j5FbOlYZdb\n98kK3vMPwDLxxn7RJcDdzMbRWKOXiyg0hU4FbGfwo9kbidNm3mZ5SjmZC7EqCm0p\ndAdTUQd6dMFD437lCWuEZnfiO2hZxjsLqqyrFIQRTeaR4ozy7zgoBK4nasvNTbEC\nCTXW5eudkq0emOvE1Sa0HwEZz/e/o/qjVIoFXlm+xlV/xj9i/QuNgJNY1QRQz+Tm\nqjtwSN10QY2/zTKOzQiqkY9ASuV02MR4bnNTDO468LTz+p9xSSJJ6dpprbwKrR7z\nbZ6MwrUH2hEtGKR5+Pv0EPIo1fqYMlCR4sY9REEZbf+/SZsoZZXb9mHuX8w6IZ4G\noa/sWbVOwOv5/VLKvb/lAPa58YVR5R9IBDIPbmZP0fd9aJB9sJUhqGry1x/8XjPE\ndHT74s+PbPU1JzG/UPDBKLfhGO4TvyECei9CVvtAJp3j4QqqOpk05zEQn/btmihl\nM4H3IstWFgfhAhkw9JxN4l/rKOPGREEmr0R2h11zXhBHx+ppMKAdqryXr1OgzNFJ\n4RTUxYVJsbEydOxE+1m69D5nC2bTCQIDAQABAoICAC16wU3VpEfJv4FCzJYRrEAw\nWMLsTmsi09op2oN4ChujgUI2pIql5Njc5AK7vfuZfIWeVzTAfMfQLUOfyh/8zMg7\nwRifNPUrRLHdB3wmC9lIxszpvLwBjL6Jt2DGwvsXzdAamQmM3jt1O+Tt2CK8NWUN\nLqtBYhvRL9xLj/4kwyyNwuiYi1t4vo2+d8KlyXXLDDOp97EaulF9ZLObDS2Q15oN\nEExlgxZivOj8/3Y/4vMlZZ6SmMyo4LAy0hT2j4stqzvNOu667K36rlgZjDepwDYn\nqSUR+mo50ZsUVGkO/xhSDGrGcW30Dyzmw8gf+3KUZcxlRX7zAn1fWEcFCE2kTf5M\njtaYbKIfajdxOh3a3T/oed0XLfAhyvbwVrhs8/7sbz+7y4cv9x5YlRR0jCbSUR6a\n4DvtZiGyptSAgC9DGIQss58e/rL3otvhZN93SJJjfJkSEaNNJuWbmEF7IL/9qohu\nx5UuQuTsdHu1DKN7J6sQwPtYNPa+dVahCN1bGVFylNpG1QEaegmZKIDqN3KXG+kr\nqUH2xdXsWfRoSmQFxol4OyrXXVoLw5wbvBJLq5T+4IXj8IPdTWz+xovOgnRgZgnx\nKIPjntJunnekrnxi+8+wuCWfXLqC1RHEWP+Rnp/nCJN9m/KrkCSqCn7vN8St7wzi\nEIc17iKNk+o0B5yncPaxAoIBAQD2fh/RI2R2oHC5wBPKLax8L/PttLlNI+hLsE5u\nIwa+TjkzFDMu+oZZeFI+kSDZWIoPI8za5nCECT+INMpU7k3YITLyNK0GMAcjQJFx\n/MWjXSYpoVvK2wYdQ1sSzY0X62AF34cfqukUwMbfo9Vq3BIJIGHfB8akV/xyvejn\n9gvs1sc0WD5Uy6V5hp40aWjvdKxtcOadoiLjWs2VrEbqSCFphOIhvaG9159v9kPQ\nh+SU4UKdhc6Hqmv0sMqM33hrrEtIyrTwr2hGYRoNevYgjlkLmnvZjo/y5Rrm7pm9\nZmu00aczclfE8kU8tvvyKCGtEVzZ/LOANTKkTjvm9knyPtf1AoIBAQD+FoOR1ZQd\nigSGJDYVx/eleoikPBU/YOglGU6q1zyJOk96gPnMr7EBplBKwXPCsuXj/77Oj9k8\nn1gHSTGivH+zDYXXttHxVM5ffd+77EQ0Z+S1I88E78zlfTa36uac/qbcKiQHXWMM\n11ufqsHmr9fGDqgXFH64cges+7W+2a6D1ko880rN3ilP7Iszs/mxIgUca+swEkEq\nSLaRnuViQ9/Tsd+H0uiLPGI2xD6B0JxeTkxsX63PkTD5QVYrMxZIy3zgZKIi9w1s\n7OHF7jOOmhUlJ42dvvBcNNbu45FIT3fOi5FWaqqr2ZFPW9K4QVzYCHK2meNIZvXa\nQrOl9xg432ZFAoIBAAGrgROtpbSYCat4fanU/WIqAQEPRGIdaCl7HEzqt9T6OrD5\n5g7fa6GXixcZbJuMWgMYPv8MqJ58YY3OrcA9jRF1yB6T9Mgh8ypt+Y5IJB6jNur5\nSOHq8fOozSknc1lCIvhnN0cjpUiatb42IfADZaviKEeWieX7Ip60YquPoy0Ll3Xn\nUyTH7GsSWmgIfsmAhNqI9UcEHjBkIRhuflx/+Jn6aH3KBxp+J3petL7o7MeFbyoa\nCfgpU2no+LZTnUE9fZUUqn0m8xHm/oIw3xIBZOELPuOOb7M5kiEWZLw/wWMMOJHE\nqIuRCJ8MrlBJrVC62WIwsBaiRaGPViCOcpnNizECggEAKtBaXSFy8sNF3eCOKH9o\ncD7EdYAWSHaox0+LXOglsC3eJJNFBEN6fP+sOdx9CAqjCBcY7K96eGeVKq0fqv8+\nOUqHCgEpQRP8LkUEhSLbn0T+WbNt97P8f5LovHbdYwjZzvFe3srSnOBQ9QeN4rQw\nlJP1qOXwMF4uguxrBHyjll1uZvTL3wKXTXtbPVwPL9S+rbpVh+Ubi+dys/jlR/iN\n55rqQnW8b3G+TuIkcjVXk+B3qi85F2esq+NhhKf4Ek4PfbQXSfL9FSSZKoPnthiq\nhXczuqfo0nCo4tn/qgKR+oCz/a69kXV4sbmUOS3yWgiaY8Bsds+6j4t7v/Rx5Wtn\nTQKCAQEApuses7iTJ3a74JsYyyTwGHc1YuNueqeBgBsVkqjILbmC+7yi46fuiylX\n8ZCuElNMQIipnz7kMM/Xx5kb3y+Si7OmQaW2a6Z+2uQ95moekiNa4BoNizLlqikO\n4Z19x8hj9Dq8l91aYprVnNTNWEaEJJXDpEPyCXqCkzgBOjqO5CkApSqCT9YpTIjg\nQyMufobfuFlDDoG/USnjeZVZ+a1FyKjacbeOYb9ePGyu+nvpx4ece8GDeoshNa5h\nM0hFwGk703rUo5fLldaCFp6+ug09Ab+LanFUzCKbpxA0WHc93f/rY908INZ41gc4\n3YvAJN0H6hgkRqQTI/iyIBPSHo4nkA==\n-----END PRIVATE KEY-----\n",
            "public_key_fingerprint_md5": "35:17:05:b2:e0:0a:75:18:20:26:9c:55:ad:20:c3:72",
            "public_key_fingerprint_sha256": "SHA256:p/dEkTyBXMPl9M3XCQKhJSyZqIz4faWBEK+UMWVvSsU",
            "public_key_openssh": "ssh-rsa AAAAB3NzaC1yc2EAAAADAQABAAACAQD0ptEXMnRQu2uLTQJPA47SWf9FLQRLwbJQruztVMcyBgdOeybA/dM3Z80OjoZCLe/NH/pZd2gKhsyeixmcKovXahR5dfqApUjVW+rthRMWLoY5StyLvd4AxCHs1tSluV+rc+j5FbOlYZdb98kK3vMPwDLxxn7RJcDdzMbRWKOXiyg0hU4FbGfwo9kbidNm3mZ5SjmZC7EqCm0pdAdTUQd6dMFD437lCWuEZnfiO2hZxjsLqqyrFIQRTeaR4ozy7zgoBK4nasvNTbECCTXW5eudkq0emOvE1Sa0HwEZz/e/o/qjVIoFXlm+xlV/xj9i/QuNgJNY1QRQz+TmqjtwSN10QY2/zTKOzQiqkY9ASuV02MR4bnNTDO468LTz+p9xSSJJ6dpprbwKrR7zbZ6MwrUH2hEtGKR5+Pv0EPIo1fqYMlCR4sY9REEZbf+/SZsoZZXb9mHuX8w6IZ4Goa/sWbVOwOv5/VLKvb/lAPa58YVR5R9IBDIPbmZP0fd9aJB9sJUhqGry1x/8XjPEdHT74s+PbPU1JzG/UPDBKLfhGO4TvyECei9CVvtAJp3j4QqqOpk05zEQn/btmihlM4H3IstWFgfhAhkw9JxN4l/rKOPGREEmr0R2h11zXhBHx+ppMKAdqryXr1OgzNFJ4RTUxYVJsbEydOxE+1m69D5nC2bTCQ==\n",
            "public_key_pem": "-----BEGIN PUBLIC KEY-----\nMIICIjANBgkqhkiG9w0BAQEFAAOCAg8AMIICCgKCAgEA9KbRFzJ0ULtri00CTwOO\n0ln/RS0ES8GyUK7s7VTHMgYHTnsmwP3TN2fNDo6GQi3vzR/6WXdoCobMnosZnCqL\n12oUeXX6gKVI1Vvq7YUTFi6GOUrci73eAMQh7NbUpblfq3Po+RWzpWGXW/fJCt7z\nD8Ay8cZ+0SXA3czG0Vijl4soNIVOBWxn8KPZG4nTZt5meUo5mQuxKgptKXQHU1EH\nenTBQ+N+5QlrhGZ34jtoWcY7C6qsqxSEEU3mkeKM8u84KASuJ2rLzU2xAgk11uXr\nnZKtHpjrxNUmtB8BGc/3v6P6o1SKBV5ZvsZVf8Y/Yv0LjYCTWNUEUM/k5qo7cEjd\ndEGNv80yjs0IqpGPQErldNjEeG5zUwzuOvC08/qfcUkiSenaaa28Cq0e822ejMK1\nB9oRLRikefj79BDyKNX6mDJQkeLGPURBGW3/v0mbKGWV2/Zh7l/MOiGeBqGv7Fm1\nTsDr+f1Syr2/5QD2ufGFUeUfSAQyD25mT9H3fWiQfbCVIahq8tcf/F4zxHR0++LP\nj2z1NScxv1DwwSi34RjuE78hAnovQlb7QCad4+EKqjqZNOcxEJ/27ZooZTOB9yLL\nVhYH4QIZMPScTeJf6yjjxkRBJq9Edoddc14QR8fqaTCgHaq8l69ToMzRSeEU1MWF\nSbGxMnTsRPtZuvQ+Zwtm0wkCAwEAAQ==\n-----END PUBLIC KEY-----\n",
            "rsa_bits": 4096
          },
          "sensitive_attributes": [
            [
              {
                "type": "get_attr",
                "value": "private_key_pem_pkcs8"
              }
            ],
            [
              {
                "type": "get_attr",
                "value": "private_key_pem"
              }
            ],
            [
              {
                "type": "get_attr",
                "value": "private_key_openssh"
              }
            ]
          ]
        }
      ]
    }
  ],
  "check_results": null
}
